// !$*UTF8*$!
{
	archiveVersion = 1;
	classes = {
	};
	objectVersion = 46;
	objects = {

/* Begin PBXBuildFile section */
		1D6C1D0914FB8A5100DDA4CB /* SettingsViewController.m in Sources */ = {isa = PBXBuildFile; fileRef = 1D6C1D0814FB8A5100DDA4CB /* SettingsViewController.m */; };
		1DB1E21814F7842600C7D0DF /* UIKit.framework in Frameworks */ = {isa = PBXBuildFile; fileRef = 1DB1E21714F7842600C7D0DF /* UIKit.framework */; };
		1DB1E21A14F7842600C7D0DF /* Foundation.framework in Frameworks */ = {isa = PBXBuildFile; fileRef = 1DB1E21914F7842600C7D0DF /* Foundation.framework */; };
		1DB1E21C14F7842600C7D0DF /* CoreGraphics.framework in Frameworks */ = {isa = PBXBuildFile; fileRef = 1DB1E21B14F7842600C7D0DF /* CoreGraphics.framework */; };
		1DB1E22214F7842600C7D0DF /* InfoPlist.strings in Resources */ = {isa = PBXBuildFile; fileRef = 1DB1E22014F7842600C7D0DF /* InfoPlist.strings */; };
		1DB1E22414F7842600C7D0DF /* main.m in Sources */ = {isa = PBXBuildFile; fileRef = 1DB1E22314F7842600C7D0DF /* main.m */; };
		1DB1E22814F7842600C7D0DF /* AppDelegate.m in Sources */ = {isa = PBXBuildFile; fileRef = 1DB1E22714F7842600C7D0DF /* AppDelegate.m */; };
		1DB1E22B14F7842600C7D0DF /* MainStoryboard.storyboard in Resources */ = {isa = PBXBuildFile; fileRef = 1DB1E22914F7842600C7D0DF /* MainStoryboard.storyboard */; };
		1DB1E22E14F7842600C7D0DF /* MapMashupViewController.m in Sources */ = {isa = PBXBuildFile; fileRef = 1DB1E22D14F7842600C7D0DF /* MapMashupViewController.m */; };
		1DB1E23614F7842600C7D0DF /* SenTestingKit.framework in Frameworks */ = {isa = PBXBuildFile; fileRef = 1DB1E23514F7842600C7D0DF /* SenTestingKit.framework */; };
		1DB1E23714F7842600C7D0DF /* UIKit.framework in Frameworks */ = {isa = PBXBuildFile; fileRef = 1DB1E21714F7842600C7D0DF /* UIKit.framework */; };
		1DB1E23814F7842600C7D0DF /* Foundation.framework in Frameworks */ = {isa = PBXBuildFile; fileRef = 1DB1E21914F7842600C7D0DF /* Foundation.framework */; };
		1DB1E24014F7842600C7D0DF /* InfoPlist.strings in Resources */ = {isa = PBXBuildFile; fileRef = 1DB1E23E14F7842600C7D0DF /* InfoPlist.strings */; };
		1DB1E24314F7842600C7D0DF /* MapMashupTests.m in Sources */ = {isa = PBXBuildFile; fileRef = 1DB1E24214F7842600C7D0DF /* MapMashupTests.m */; };
		1DB1E24D14F784DE00C7D0DF /* MapKit.framework in Frameworks */ = {isa = PBXBuildFile; fileRef = 1DB1E24C14F784DE00C7D0DF /* MapKit.framework */; };
		1DB1E24F14F7851100C7D0DF /* CoreLocation.framework in Frameworks */ = {isa = PBXBuildFile; fileRef = 1DB1E24E14F7851100C7D0DF /* CoreLocation.framework */; };
		1DEC2FA414F7BAF20038DBB6 /* PBS-Logo.png in Resources */ = {isa = PBXBuildFile; fileRef = 1DEC2FA314F7BAF20038DBB6 /* PBS-Logo.png */; };
		1DEC2FA614F7BB710038DBB6 /* Settings-icon.png in Resources */ = {isa = PBXBuildFile; fileRef = 1DEC2FA514F7BB710038DBB6 /* Settings-icon.png */; };
		1DEC2FA814F7BC980038DBB6 /* Localizable.strings in Resources */ = {isa = PBXBuildFile; fileRef = 1DEC2FA714F7BC980038DBB6 /* Localizable.strings */; };
		1DF8386114F7CF4F007889F5 /* BaseDTVAPIDelegate.m in Sources */ = {isa = PBXBuildFile; fileRef = 1DF8384C14F7CF4F007889F5 /* BaseDTVAPIDelegate.m */; };
		1DF8386214F7CF4F007889F5 /* DTVAirdate.m in Sources */ = {isa = PBXBuildFile; fileRef = 1DF8384E14F7CF4F007889F5 /* DTVAirdate.m */; };
		1DF8386314F7CF4F007889F5 /* DTVAPIAirdateDelegate.m in Sources */ = {isa = PBXBuildFile; fileRef = 1DF8385014F7CF4F007889F5 /* DTVAPIAirdateDelegate.m */; };
		1DF8386414F7CF4F007889F5 /* DTVAPIFeedDelegate.m in Sources */ = {isa = PBXBuildFile; fileRef = 1DF8385214F7CF4F007889F5 /* DTVAPIFeedDelegate.m */; };
		1DF8386514F7CF4F007889F5 /* DTVAPIHeadendDelegate.m in Sources */ = {isa = PBXBuildFile; fileRef = 1DF8385414F7CF4F007889F5 /* DTVAPIHeadendDelegate.m */; };
		1DF8386614F7CF4F007889F5 /* DTVAPIProgramDelegate.m in Sources */ = {isa = PBXBuildFile; fileRef = 1DF8385614F7CF4F007889F5 /* DTVAPIProgramDelegate.m */; };
		1DF8386714F7CF4F007889F5 /* DTVAPIStationDelegate.m in Sources */ = {isa = PBXBuildFile; fileRef = 1DF8385814F7CF4F007889F5 /* DTVAPIStationDelegate.m */; };
		1DF8386814F7CF4F007889F5 /* DTVClientAPI.m in Sources */ = {isa = PBXBuildFile; fileRef = 1DF8385A14F7CF4F007889F5 /* DTVClientAPI.m */; };
		1DF8386914F7CF4F007889F5 /* DTVFeed.m in Sources */ = {isa = PBXBuildFile; fileRef = 1DF8385C14F7CF4F007889F5 /* DTVFeed.m */; };
		1DF8386A14F7CF4F007889F5 /* DTVHeadend.m in Sources */ = {isa = PBXBuildFile; fileRef = 1DF8385E14F7CF4F007889F5 /* DTVHeadend.m */; };
		1DF8386B14F7CF4F007889F5 /* DTVStation.m in Sources */ = {isa = PBXBuildFile; fileRef = 1DF8386014F7CF4F007889F5 /* DTVStation.m */; };
		1DF8386C14F7CF89007889F5 /* BaseDTVAPIDelegate.h in Sources */ = {isa = PBXBuildFile; fileRef = 1DF8384B14F7CF4F007889F5 /* BaseDTVAPIDelegate.h */; settings = {COMPILER_FLAGS = "-fno-objc-arc"; }; };
		1DF8386D14F7CF89007889F5 /* BaseDTVAPIDelegate.m in Sources */ = {isa = PBXBuildFile; fileRef = 1DF8384C14F7CF4F007889F5 /* BaseDTVAPIDelegate.m */; settings = {COMPILER_FLAGS = "-fno-objc-arc"; }; };
		1DF8386E14F7CF89007889F5 /* DTVAirdate.h in Sources */ = {isa = PBXBuildFile; fileRef = 1DF8384D14F7CF4F007889F5 /* DTVAirdate.h */; settings = {COMPILER_FLAGS = "-fno-objc-arc"; }; };
		1DF8386F14F7CF89007889F5 /* DTVAirdate.m in Sources */ = {isa = PBXBuildFile; fileRef = 1DF8384E14F7CF4F007889F5 /* DTVAirdate.m */; settings = {COMPILER_FLAGS = "-fno-objc-arc"; }; };
		1DF8387014F7CF89007889F5 /* DTVAPIAirdateDelegate.h in Sources */ = {isa = PBXBuildFile; fileRef = 1DF8384F14F7CF4F007889F5 /* DTVAPIAirdateDelegate.h */; settings = {COMPILER_FLAGS = "-fno-objc-arc"; }; };
		1DF8387114F7CF89007889F5 /* DTVAPIAirdateDelegate.m in Sources */ = {isa = PBXBuildFile; fileRef = 1DF8385014F7CF4F007889F5 /* DTVAPIAirdateDelegate.m */; settings = {COMPILER_FLAGS = "-fno-objc-arc"; }; };
		1DF8387214F7CF89007889F5 /* DTVAPIFeedDelegate.h in Sources */ = {isa = PBXBuildFile; fileRef = 1DF8385114F7CF4F007889F5 /* DTVAPIFeedDelegate.h */; settings = {COMPILER_FLAGS = "-fno-objc-arc"; }; };
		1DF8387314F7CF89007889F5 /* DTVAPIFeedDelegate.m in Sources */ = {isa = PBXBuildFile; fileRef = 1DF8385214F7CF4F007889F5 /* DTVAPIFeedDelegate.m */; settings = {COMPILER_FLAGS = "-fno-objc-arc"; }; };
		1DF8387414F7CF89007889F5 /* DTVAPIHeadendDelegate.h in Sources */ = {isa = PBXBuildFile; fileRef = 1DF8385314F7CF4F007889F5 /* DTVAPIHeadendDelegate.h */; settings = {COMPILER_FLAGS = "-fno-objc-arc"; }; };
		1DF8387514F7CF89007889F5 /* DTVAPIHeadendDelegate.m in Sources */ = {isa = PBXBuildFile; fileRef = 1DF8385414F7CF4F007889F5 /* DTVAPIHeadendDelegate.m */; settings = {COMPILER_FLAGS = "-fno-objc-arc"; }; };
		1DF8387614F7CF89007889F5 /* DTVAPIProgramDelegate.h in Sources */ = {isa = PBXBuildFile; fileRef = 1DF8385514F7CF4F007889F5 /* DTVAPIProgramDelegate.h */; settings = {COMPILER_FLAGS = "-fno-objc-arc"; }; };
		1DF8387714F7CF89007889F5 /* DTVAPIProgramDelegate.m in Sources */ = {isa = PBXBuildFile; fileRef = 1DF8385614F7CF4F007889F5 /* DTVAPIProgramDelegate.m */; settings = {COMPILER_FLAGS = "-fno-objc-arc"; }; };
		1DF8387814F7CF89007889F5 /* DTVAPIStationDelegate.h in Sources */ = {isa = PBXBuildFile; fileRef = 1DF8385714F7CF4F007889F5 /* DTVAPIStationDelegate.h */; settings = {COMPILER_FLAGS = "-fno-objc-arc"; }; };
		1DF8387914F7CF89007889F5 /* DTVAPIStationDelegate.m in Sources */ = {isa = PBXBuildFile; fileRef = 1DF8385814F7CF4F007889F5 /* DTVAPIStationDelegate.m */; settings = {COMPILER_FLAGS = "-fno-objc-arc"; }; };
		1DF8387A14F7CF89007889F5 /* DTVClientAPI.h in Sources */ = {isa = PBXBuildFile; fileRef = 1DF8385914F7CF4F007889F5 /* DTVClientAPI.h */; settings = {COMPILER_FLAGS = "-fno-objc-arc"; }; };
		1DF8387B14F7CF89007889F5 /* DTVClientAPI.m in Sources */ = {isa = PBXBuildFile; fileRef = 1DF8385A14F7CF4F007889F5 /* DTVClientAPI.m */; settings = {COMPILER_FLAGS = "-fno-objc-arc"; }; };
		1DF8387C14F7CF89007889F5 /* DTVFeed.h in Sources */ = {isa = PBXBuildFile; fileRef = 1DF8385B14F7CF4F007889F5 /* DTVFeed.h */; settings = {COMPILER_FLAGS = "-fno-objc-arc"; }; };
		1DF8387D14F7CF89007889F5 /* DTVFeed.m in Sources */ = {isa = PBXBuildFile; fileRef = 1DF8385C14F7CF4F007889F5 /* DTVFeed.m */; settings = {COMPILER_FLAGS = "-fno-objc-arc"; }; };
		1DF8387E14F7CF89007889F5 /* DTVHeadend.h in Sources */ = {isa = PBXBuildFile; fileRef = 1DF8385D14F7CF4F007889F5 /* DTVHeadend.h */; settings = {COMPILER_FLAGS = "-fno-objc-arc"; }; };
		1DF8387F14F7CF89007889F5 /* DTVHeadend.m in Sources */ = {isa = PBXBuildFile; fileRef = 1DF8385E14F7CF4F007889F5 /* DTVHeadend.m */; settings = {COMPILER_FLAGS = "-fno-objc-arc"; }; };
		1DF8388014F7CF89007889F5 /* DTVStation.h in Sources */ = {isa = PBXBuildFile; fileRef = 1DF8385F14F7CF4F007889F5 /* DTVStation.h */; settings = {COMPILER_FLAGS = "-fno-objc-arc"; }; };
		1DF8388114F7CF89007889F5 /* DTVStation.m in Sources */ = {isa = PBXBuildFile; fileRef = 1DF8386014F7CF4F007889F5 /* DTVStation.m */; settings = {COMPILER_FLAGS = "-fno-objc-arc"; }; };
		1DF8389714F7CFF9007889F5 /* ASIAuthenticationDialog.m in Sources */ = {isa = PBXBuildFile; fileRef = 1DF8388414F7CFF9007889F5 /* ASIAuthenticationDialog.m */; };
		1DF8389814F7CFF9007889F5 /* ASIDataCompressor.m in Sources */ = {isa = PBXBuildFile; fileRef = 1DF8388714F7CFF9007889F5 /* ASIDataCompressor.m */; };
		1DF8389914F7CFF9007889F5 /* ASIDataDecompressor.m in Sources */ = {isa = PBXBuildFile; fileRef = 1DF8388914F7CFF9007889F5 /* ASIDataDecompressor.m */; };
		1DF8389A14F7CFF9007889F5 /* ASIDownloadCache.m in Sources */ = {isa = PBXBuildFile; fileRef = 1DF8388B14F7CFF9007889F5 /* ASIDownloadCache.m */; };
		1DF8389B14F7CFF9007889F5 /* ASIFormDataRequest.m in Sources */ = {isa = PBXBuildFile; fileRef = 1DF8388D14F7CFF9007889F5 /* ASIFormDataRequest.m */; };
		1DF8389C14F7CFF9007889F5 /* ASIHTTPRequest.m in Sources */ = {isa = PBXBuildFile; fileRef = 1DF8388F14F7CFF9007889F5 /* ASIHTTPRequest.m */; };
		1DF8389D14F7CFF9007889F5 /* ASIInputStream.m in Sources */ = {isa = PBXBuildFile; fileRef = 1DF8389314F7CFF9007889F5 /* ASIInputStream.m */; };
		1DF8389E14F7CFF9007889F5 /* ASINetworkQueue.m in Sources */ = {isa = PBXBuildFile; fileRef = 1DF8389514F7CFF9007889F5 /* ASINetworkQueue.m */; };
		1DF838A314F7D022007889F5 /* ASIWebPageRequest.m in Sources */ = {isa = PBXBuildFile; fileRef = 1DF838A214F7D021007889F5 /* ASIWebPageRequest.m */; };
		1DF838A614F7D02E007889F5 /* Reachability.m in Sources */ = {isa = PBXBuildFile; fileRef = 1DF838A514F7D02E007889F5 /* Reachability.m */; };
		1DF838A714F7D03D007889F5 /* Reachability.h in Sources */ = {isa = PBXBuildFile; fileRef = 1DF838A414F7D02E007889F5 /* Reachability.h */; settings = {COMPILER_FLAGS = "-fno-objc-arc"; }; };
		1DF838A814F7D03D007889F5 /* Reachability.m in Sources */ = {isa = PBXBuildFile; fileRef = 1DF838A514F7D02E007889F5 /* Reachability.m */; settings = {COMPILER_FLAGS = "-fno-objc-arc"; }; };
		1DF838A914F7D03D007889F5 /* ASIWebPageRequest.h in Sources */ = {isa = PBXBuildFile; fileRef = 1DF838A114F7D021007889F5 /* ASIWebPageRequest.h */; settings = {COMPILER_FLAGS = "-fno-objc-arc"; }; };
		1DF838AA14F7D03D007889F5 /* ASIWebPageRequest.m in Sources */ = {isa = PBXBuildFile; fileRef = 1DF838A214F7D021007889F5 /* ASIWebPageRequest.m */; settings = {COMPILER_FLAGS = "-fno-objc-arc"; }; };
		1DF838AB14F7D03D007889F5 /* ASIAuthenticationDialog.h in Sources */ = {isa = PBXBuildFile; fileRef = 1DF8388314F7CFF9007889F5 /* ASIAuthenticationDialog.h */; settings = {COMPILER_FLAGS = "-fno-objc-arc"; }; };
		1DF838AC14F7D03D007889F5 /* ASIAuthenticationDialog.m in Sources */ = {isa = PBXBuildFile; fileRef = 1DF8388414F7CFF9007889F5 /* ASIAuthenticationDialog.m */; settings = {COMPILER_FLAGS = "-fno-objc-arc"; }; };
		1DF838AD14F7D03D007889F5 /* ASICacheDelegate.h in Sources */ = {isa = PBXBuildFile; fileRef = 1DF8388514F7CFF9007889F5 /* ASICacheDelegate.h */; settings = {COMPILER_FLAGS = "-fno-objc-arc"; }; };
		1DF838AE14F7D03D007889F5 /* ASIDataCompressor.h in Sources */ = {isa = PBXBuildFile; fileRef = 1DF8388614F7CFF9007889F5 /* ASIDataCompressor.h */; settings = {COMPILER_FLAGS = "-fno-objc-arc"; }; };
		1DF838AF14F7D03D007889F5 /* ASIDataCompressor.m in Sources */ = {isa = PBXBuildFile; fileRef = 1DF8388714F7CFF9007889F5 /* ASIDataCompressor.m */; settings = {COMPILER_FLAGS = "-fno-objc-arc"; }; };
		1DF838B014F7D03D007889F5 /* ASIDataDecompressor.h in Sources */ = {isa = PBXBuildFile; fileRef = 1DF8388814F7CFF9007889F5 /* ASIDataDecompressor.h */; settings = {COMPILER_FLAGS = "-fno-objc-arc"; }; };
		1DF838B114F7D03D007889F5 /* ASIDataDecompressor.m in Sources */ = {isa = PBXBuildFile; fileRef = 1DF8388914F7CFF9007889F5 /* ASIDataDecompressor.m */; settings = {COMPILER_FLAGS = "-fno-objc-arc"; }; };
		1DF838B214F7D03D007889F5 /* ASIDownloadCache.h in Sources */ = {isa = PBXBuildFile; fileRef = 1DF8388A14F7CFF9007889F5 /* ASIDownloadCache.h */; settings = {COMPILER_FLAGS = "-fno-objc-arc"; }; };
		1DF838B314F7D03D007889F5 /* ASIDownloadCache.m in Sources */ = {isa = PBXBuildFile; fileRef = 1DF8388B14F7CFF9007889F5 /* ASIDownloadCache.m */; settings = {COMPILER_FLAGS = "-fno-objc-arc"; }; };
		1DF838B414F7D03D007889F5 /* ASIFormDataRequest.h in Sources */ = {isa = PBXBuildFile; fileRef = 1DF8388C14F7CFF9007889F5 /* ASIFormDataRequest.h */; settings = {COMPILER_FLAGS = "-fno-objc-arc"; }; };
		1DF838B514F7D03D007889F5 /* ASIFormDataRequest.m in Sources */ = {isa = PBXBuildFile; fileRef = 1DF8388D14F7CFF9007889F5 /* ASIFormDataRequest.m */; settings = {COMPILER_FLAGS = "-fno-objc-arc"; }; };
		1DF838B614F7D03D007889F5 /* ASIHTTPRequest.h in Sources */ = {isa = PBXBuildFile; fileRef = 1DF8388E14F7CFF9007889F5 /* ASIHTTPRequest.h */; settings = {COMPILER_FLAGS = "-fno-objc-arc"; }; };
		1DF838B714F7D03D007889F5 /* ASIHTTPRequest.m in Sources */ = {isa = PBXBuildFile; fileRef = 1DF8388F14F7CFF9007889F5 /* ASIHTTPRequest.m */; settings = {COMPILER_FLAGS = "-fno-objc-arc"; }; };
		1DF838B814F7D03D007889F5 /* ASIHTTPRequestConfig.h in Sources */ = {isa = PBXBuildFile; fileRef = 1DF8389014F7CFF9007889F5 /* ASIHTTPRequestConfig.h */; settings = {COMPILER_FLAGS = "-fno-objc-arc"; }; };
		1DF838B914F7D03D007889F5 /* ASIHTTPRequestDelegate.h in Sources */ = {isa = PBXBuildFile; fileRef = 1DF8389114F7CFF9007889F5 /* ASIHTTPRequestDelegate.h */; settings = {COMPILER_FLAGS = "-fno-objc-arc"; }; };
		1DF838BA14F7D03D007889F5 /* ASIInputStream.h in Sources */ = {isa = PBXBuildFile; fileRef = 1DF8389214F7CFF9007889F5 /* ASIInputStream.h */; settings = {COMPILER_FLAGS = "-fno-objc-arc"; }; };
		1DF838BB14F7D03D007889F5 /* ASIInputStream.m in Sources */ = {isa = PBXBuildFile; fileRef = 1DF8389314F7CFF9007889F5 /* ASIInputStream.m */; settings = {COMPILER_FLAGS = "-fno-objc-arc"; }; };
		1DF838BC14F7D03D007889F5 /* ASINetworkQueue.h in Sources */ = {isa = PBXBuildFile; fileRef = 1DF8389414F7CFF9007889F5 /* ASINetworkQueue.h */; settings = {COMPILER_FLAGS = "-fno-objc-arc"; }; };
		1DF838BD14F7D03D007889F5 /* ASINetworkQueue.m in Sources */ = {isa = PBXBuildFile; fileRef = 1DF8389514F7CFF9007889F5 /* ASINetworkQueue.m */; settings = {COMPILER_FLAGS = "-fno-objc-arc"; }; };
		1DF838BE14F7D03D007889F5 /* ASIProgressDelegate.h in Sources */ = {isa = PBXBuildFile; fileRef = 1DF8389614F7CFF9007889F5 /* ASIProgressDelegate.h */; settings = {COMPILER_FLAGS = "-fno-objc-arc"; }; };
		1DF838C514F7D1A6007889F5 /* libxml2.dylib in Frameworks */ = {isa = PBXBuildFile; fileRef = 1DF838C414F7D1A6007889F5 /* libxml2.dylib */; };
		1DF838C714F7D1FB007889F5 /* CFNetwork.framework in Frameworks */ = {isa = PBXBuildFile; fileRef = 1DF838C614F7D1FB007889F5 /* CFNetwork.framework */; };
		1DF838C914F7D205007889F5 /* SystemConfiguration.framework in Frameworks */ = {isa = PBXBuildFile; fileRef = 1DF838C814F7D205007889F5 /* SystemConfiguration.framework */; };
		1DF838CB14F7D20F007889F5 /* MobileCoreServices.framework in Frameworks */ = {isa = PBXBuildFile; fileRef = 1DF838CA14F7D20F007889F5 /* MobileCoreServices.framework */; };
		1DF838CD14F7D225007889F5 /* libz.dylib in Frameworks */ = {isa = PBXBuildFile; fileRef = 1DF838CC14F7D225007889F5 /* libz.dylib */; };
		1DF838D214F7D260007889F5 /* JSONKit.m in Sources */ = {isa = PBXBuildFile; fileRef = 1DF838D014F7D260007889F5 /* JSONKit.m */; };
		1DF838D314F7D260007889F5 /* README.html in Resources */ = {isa = PBXBuildFile; fileRef = 1DF838D114F7D260007889F5 /* README.html */; };
		1DF838D414F7D270007889F5 /* JSONKit.h in Sources */ = {isa = PBXBuildFile; fileRef = 1DF838CF14F7D260007889F5 /* JSONKit.h */; settings = {COMPILER_FLAGS = "-fno-objc-arc"; }; };
		1DF838D514F7D270007889F5 /* JSONKit.m in Sources */ = {isa = PBXBuildFile; fileRef = 1DF838D014F7D260007889F5 /* JSONKit.m */; settings = {COMPILER_FLAGS = "-fno-objc-arc"; }; };
		1DF838ED14F7D3B2007889F5 /* BaseCOVEAPIDelegate.m in Sources */ = {isa = PBXBuildFile; fileRef = 1DF838DC14F7D3B2007889F5 /* BaseCOVEAPIDelegate.m */; };
		1DF838EE14F7D3B2007889F5 /* COVEAPICategoryDelegate.m in Sources */ = {isa = PBXBuildFile; fileRef = 1DF838DE14F7D3B2007889F5 /* COVEAPICategoryDelegate.m */; };
		1DF838EF14F7D3B2007889F5 /* COVEAPIEpisodeDelegate.m in Sources */ = {isa = PBXBuildFile; fileRef = 1DF838E014F7D3B2007889F5 /* COVEAPIEpisodeDelegate.m */; };
		1DF838F014F7D3B2007889F5 /* COVEAPIGroupDelegate.m in Sources */ = {isa = PBXBuildFile; fileRef = 1DF838E214F7D3B2007889F5 /* COVEAPIGroupDelegate.m */; };
		1DF838F114F7D3B2007889F5 /* COVEAPIProgramDelegate.m in Sources */ = {isa = PBXBuildFile; fileRef = 1DF838E414F7D3B2007889F5 /* COVEAPIProgramDelegate.m */; };
		1DF838F214F7D3B2007889F5 /* COVECategory.m in Sources */ = {isa = PBXBuildFile; fileRef = 1DF838E614F7D3B2007889F5 /* COVECategory.m */; };
		1DF838F314F7D3B2007889F5 /* COVEClientAPI.m in Sources */ = {isa = PBXBuildFile; fileRef = 1DF838E814F7D3B2007889F5 /* COVEClientAPI.m */; };
		1DF838F414F7D3B2007889F5 /* COVEEpisode.m in Sources */ = {isa = PBXBuildFile; fileRef = 1DF838EA14F7D3B2007889F5 /* COVEEpisode.m */; };
		1DF838F514F7D3B2007889F5 /* COVEProgram.m in Sources */ = {isa = PBXBuildFile; fileRef = 1DF838EC14F7D3B2007889F5 /* COVEProgram.m */; };
		1DF838F614F7D3C3007889F5 /* BaseCOVEAPIDelegate.h in Sources */ = {isa = PBXBuildFile; fileRef = 1DF838DB14F7D3B2007889F5 /* BaseCOVEAPIDelegate.h */; settings = {COMPILER_FLAGS = "-fno-objc-arc"; }; };
		1DF838F714F7D3C4007889F5 /* BaseCOVEAPIDelegate.m in Sources */ = {isa = PBXBuildFile; fileRef = 1DF838DC14F7D3B2007889F5 /* BaseCOVEAPIDelegate.m */; settings = {COMPILER_FLAGS = "-fno-objc-arc"; }; };
		1DF838F814F7D3C4007889F5 /* COVEAPICategoryDelegate.h in Sources */ = {isa = PBXBuildFile; fileRef = 1DF838DD14F7D3B2007889F5 /* COVEAPICategoryDelegate.h */; settings = {COMPILER_FLAGS = "-fno-objc-arc"; }; };
		1DF838F914F7D3C4007889F5 /* COVEAPICategoryDelegate.m in Sources */ = {isa = PBXBuildFile; fileRef = 1DF838DE14F7D3B2007889F5 /* COVEAPICategoryDelegate.m */; settings = {COMPILER_FLAGS = "-fno-objc-arc"; }; };
		1DF838FA14F7D3C4007889F5 /* COVEAPIEpisodeDelegate.h in Sources */ = {isa = PBXBuildFile; fileRef = 1DF838DF14F7D3B2007889F5 /* COVEAPIEpisodeDelegate.h */; settings = {COMPILER_FLAGS = "-fno-objc-arc"; }; };
		1DF838FB14F7D3C4007889F5 /* COVEAPIEpisodeDelegate.m in Sources */ = {isa = PBXBuildFile; fileRef = 1DF838E014F7D3B2007889F5 /* COVEAPIEpisodeDelegate.m */; settings = {COMPILER_FLAGS = "-fno-objc-arc"; }; };
		1DF838FC14F7D3C4007889F5 /* COVEAPIGroupDelegate.h in Sources */ = {isa = PBXBuildFile; fileRef = 1DF838E114F7D3B2007889F5 /* COVEAPIGroupDelegate.h */; settings = {COMPILER_FLAGS = "-fno-objc-arc"; }; };
		1DF838FD14F7D3C4007889F5 /* COVEAPIGroupDelegate.m in Sources */ = {isa = PBXBuildFile; fileRef = 1DF838E214F7D3B2007889F5 /* COVEAPIGroupDelegate.m */; settings = {COMPILER_FLAGS = "-fno-objc-arc"; }; };
		1DF838FE14F7D3C4007889F5 /* COVEAPIProgramDelegate.h in Sources */ = {isa = PBXBuildFile; fileRef = 1DF838E314F7D3B2007889F5 /* COVEAPIProgramDelegate.h */; settings = {COMPILER_FLAGS = "-fno-objc-arc"; }; };
		1DF838FF14F7D3C4007889F5 /* COVEAPIProgramDelegate.m in Sources */ = {isa = PBXBuildFile; fileRef = 1DF838E414F7D3B2007889F5 /* COVEAPIProgramDelegate.m */; settings = {COMPILER_FLAGS = "-fno-objc-arc"; }; };
		1DF8390014F7D3C4007889F5 /* COVECategory.h in Sources */ = {isa = PBXBuildFile; fileRef = 1DF838E514F7D3B2007889F5 /* COVECategory.h */; settings = {COMPILER_FLAGS = "-fno-objc-arc"; }; };
		1DF8390114F7D3C4007889F5 /* COVECategory.m in Sources */ = {isa = PBXBuildFile; fileRef = 1DF838E614F7D3B2007889F5 /* COVECategory.m */; settings = {COMPILER_FLAGS = "-fno-objc-arc"; }; };
		1DF8390214F7D3C4007889F5 /* COVEClientAPI.h in Sources */ = {isa = PBXBuildFile; fileRef = 1DF838E714F7D3B2007889F5 /* COVEClientAPI.h */; settings = {COMPILER_FLAGS = "-fno-objc-arc"; }; };
		1DF8390314F7D3C4007889F5 /* COVEClientAPI.m in Sources */ = {isa = PBXBuildFile; fileRef = 1DF838E814F7D3B2007889F5 /* COVEClientAPI.m */; settings = {COMPILER_FLAGS = "-fno-objc-arc"; }; };
		1DF8390414F7D3C4007889F5 /* COVEEpisode.h in Sources */ = {isa = PBXBuildFile; fileRef = 1DF838E914F7D3B2007889F5 /* COVEEpisode.h */; settings = {COMPILER_FLAGS = "-fno-objc-arc"; }; };
		1DF8390514F7D3C4007889F5 /* COVEEpisode.m in Sources */ = {isa = PBXBuildFile; fileRef = 1DF838EA14F7D3B2007889F5 /* COVEEpisode.m */; settings = {COMPILER_FLAGS = "-fno-objc-arc"; }; };
		1DF8390614F7D3C4007889F5 /* COVEProgram.h in Sources */ = {isa = PBXBuildFile; fileRef = 1DF838EB14F7D3B2007889F5 /* COVEProgram.h */; settings = {COMPILER_FLAGS = "-fno-objc-arc"; }; };
		1DF8390714F7D3C4007889F5 /* COVEProgram.m in Sources */ = {isa = PBXBuildFile; fileRef = 1DF838EC14F7D3B2007889F5 /* COVEProgram.m */; settings = {COMPILER_FLAGS = "-fno-objc-arc"; }; };
		DC0577BE14FA712000E4D14E /* MKPolyline+BroadcastInfo.m in Sources */ = {isa = PBXBuildFile; fileRef = DC0577BD14FA712000E4D14E /* MKPolyline+BroadcastInfo.m */; };
		DC40FF1714F91EF8000F9281 /* MKPolygon+BroadcastInfo.m in Sources */ = {isa = PBXBuildFile; fileRef = DC40FF1614F91EF8000F9281 /* MKPolygon+BroadcastInfo.m */; };
		DC40FF2814F92DD5000F9281 /* station_tower_0x00ff00.gif in Resources */ = {isa = PBXBuildFile; fileRef = DC40FF2714F92DD4000F9281 /* station_tower_0x00ff00.gif */; };
		DC40FF2A14F93898000F9281 /* station_tower_0xff0000.gif in Resources */ = {isa = PBXBuildFile; fileRef = DC40FF2914F93898000F9281 /* station_tower_0xff0000.gif */; };
		DC40FF2C14F93A58000F9281 /* station_tower_0x0000ff.gif in Resources */ = {isa = PBXBuildFile; fileRef = DC40FF2B14F93A58000F9281 /* station_tower_0x0000ff.gif */; };
		DC40FF3414F948B9000F9281 /* WMPB-Overlay.png in Resources */ = {isa = PBXBuildFile; fileRef = DC40FF3314F948B9000F9281 /* WMPB-Overlay.png */; };
		DC40FF3714F94A04000F9281 /* StationSignalOverlayView.m in Sources */ = {isa = PBXBuildFile; fileRef = DC40FF3614F94A04000F9281 /* StationSignalOverlayView.m */; };
		DCB254EE14F8463A00444352 /* FCCService.m in Sources */ = {isa = PBXBuildFile; fileRef = DCB254ED14F8463A00444352 /* FCCService.m */; };
		DCB2550114F8511D00444352 /* WETA.json in Resources */ = {isa = PBXBuildFile; fileRef = DCB254FE14F8511D00444352 /* WETA.json */; };
		DCB2550214F8511D00444352 /* WHUT.json in Resources */ = {isa = PBXBuildFile; fileRef = DCB254FF14F8511D00444352 /* WHUT.json */; };
		DCB2550314F8511D00444352 /* WMPB.json in Resources */ = {isa = PBXBuildFile; fileRef = DCB2550014F8511D00444352 /* WMPB.json */; };
		DCB2550614F854A500444352 /* GraphicalStation.m in Sources */ = {isa = PBXBuildFile; fileRef = DCB2550514F854A500444352 /* GraphicalStation.m */; };
		DCB2550914F8653F00444352 /* StationAnnotation.m in Sources */ = {isa = PBXBuildFile; fileRef = DCB2550814F8653E00444352 /* StationAnnotation.m */; };
		DCCC375B14FAED85009F7548 /* UIColor+HexRGBAddition.m in Sources */ = {isa = PBXBuildFile; fileRef = DCCC375A14FAED85009F7548 /* UIColor+HexRGBAddition.m */; };
/* End PBXBuildFile section */

/* Begin PBXContainerItemProxy section */
		1DB1E23914F7842600C7D0DF /* PBXContainerItemProxy */ = {
			isa = PBXContainerItemProxy;
			containerPortal = 1DB1E20A14F7842600C7D0DF /* Project object */;
			proxyType = 1;
			remoteGlobalIDString = 1DB1E21214F7842600C7D0DF;
			remoteInfo = MapMashup;
		};
/* End PBXContainerItemProxy section */

/* Begin PBXFileReference section */
		1D6C1D0714FB8A5100DDA4CB /* SettingsViewController.h */ = {isa = PBXFileReference; fileEncoding = 4; lastKnownFileType = sourcecode.c.h; path = SettingsViewController.h; sourceTree = "<group>"; };
		1D6C1D0814FB8A5100DDA4CB /* SettingsViewController.m */ = {isa = PBXFileReference; fileEncoding = 4; lastKnownFileType = sourcecode.c.objc; path = SettingsViewController.m; sourceTree = "<group>"; };
		1DB1E21314F7842600C7D0DF /* MapMashup.app */ = {isa = PBXFileReference; explicitFileType = wrapper.application; includeInIndex = 0; path = MapMashup.app; sourceTree = BUILT_PRODUCTS_DIR; };
		1DB1E21714F7842600C7D0DF /* UIKit.framework */ = {isa = PBXFileReference; lastKnownFileType = wrapper.framework; name = UIKit.framework; path = System/Library/Frameworks/UIKit.framework; sourceTree = SDKROOT; };
		1DB1E21914F7842600C7D0DF /* Foundation.framework */ = {isa = PBXFileReference; lastKnownFileType = wrapper.framework; name = Foundation.framework; path = System/Library/Frameworks/Foundation.framework; sourceTree = SDKROOT; };
		1DB1E21B14F7842600C7D0DF /* CoreGraphics.framework */ = {isa = PBXFileReference; lastKnownFileType = wrapper.framework; name = CoreGraphics.framework; path = System/Library/Frameworks/CoreGraphics.framework; sourceTree = SDKROOT; };
		1DB1E21F14F7842600C7D0DF /* MapMashup-Info.plist */ = {isa = PBXFileReference; lastKnownFileType = text.plist.xml; path = "MapMashup-Info.plist"; sourceTree = "<group>"; };
		1DB1E22114F7842600C7D0DF /* en */ = {isa = PBXFileReference; lastKnownFileType = text.plist.strings; name = en; path = en.lproj/InfoPlist.strings; sourceTree = "<group>"; };
		1DB1E22314F7842600C7D0DF /* main.m */ = {isa = PBXFileReference; lastKnownFileType = sourcecode.c.objc; path = main.m; sourceTree = "<group>"; };
		1DB1E22514F7842600C7D0DF /* MapMashup-Prefix.pch */ = {isa = PBXFileReference; lastKnownFileType = sourcecode.c.h; path = "MapMashup-Prefix.pch"; sourceTree = "<group>"; };
		1DB1E22614F7842600C7D0DF /* AppDelegate.h */ = {isa = PBXFileReference; lastKnownFileType = sourcecode.c.h; path = AppDelegate.h; sourceTree = "<group>"; };
		1DB1E22714F7842600C7D0DF /* AppDelegate.m */ = {isa = PBXFileReference; lastKnownFileType = sourcecode.c.objc; path = AppDelegate.m; sourceTree = "<group>"; };
		1DB1E22A14F7842600C7D0DF /* en */ = {isa = PBXFileReference; lastKnownFileType = file.storyboard; name = en; path = en.lproj/MainStoryboard.storyboard; sourceTree = "<group>"; };
		1DB1E22C14F7842600C7D0DF /* MapMashupViewController.h */ = {isa = PBXFileReference; lastKnownFileType = sourcecode.c.h; path = MapMashupViewController.h; sourceTree = "<group>"; };
		1DB1E22D14F7842600C7D0DF /* MapMashupViewController.m */ = {isa = PBXFileReference; lastKnownFileType = sourcecode.c.objc; path = MapMashupViewController.m; sourceTree = "<group>"; };
		1DB1E23414F7842600C7D0DF /* MapMashupTests.octest */ = {isa = PBXFileReference; explicitFileType = wrapper.cfbundle; includeInIndex = 0; path = MapMashupTests.octest; sourceTree = BUILT_PRODUCTS_DIR; };
		1DB1E23514F7842600C7D0DF /* SenTestingKit.framework */ = {isa = PBXFileReference; lastKnownFileType = wrapper.framework; name = SenTestingKit.framework; path = Library/Frameworks/SenTestingKit.framework; sourceTree = DEVELOPER_DIR; };
		1DB1E23D14F7842600C7D0DF /* MapMashupTests-Info.plist */ = {isa = PBXFileReference; lastKnownFileType = text.plist.xml; path = "MapMashupTests-Info.plist"; sourceTree = "<group>"; };
		1DB1E23F14F7842600C7D0DF /* en */ = {isa = PBXFileReference; lastKnownFileType = text.plist.strings; name = en; path = en.lproj/InfoPlist.strings; sourceTree = "<group>"; };
		1DB1E24114F7842600C7D0DF /* MapMashupTests.h */ = {isa = PBXFileReference; lastKnownFileType = sourcecode.c.h; path = MapMashupTests.h; sourceTree = "<group>"; };
		1DB1E24214F7842600C7D0DF /* MapMashupTests.m */ = {isa = PBXFileReference; lastKnownFileType = sourcecode.c.objc; path = MapMashupTests.m; sourceTree = "<group>"; };
		1DB1E24C14F784DE00C7D0DF /* MapKit.framework */ = {isa = PBXFileReference; lastKnownFileType = wrapper.framework; name = MapKit.framework; path = System/Library/Frameworks/MapKit.framework; sourceTree = SDKROOT; };
		1DB1E24E14F7851100C7D0DF /* CoreLocation.framework */ = {isa = PBXFileReference; lastKnownFileType = wrapper.framework; name = CoreLocation.framework; path = System/Library/Frameworks/CoreLocation.framework; sourceTree = SDKROOT; };
		1DEC2FA314F7BAF20038DBB6 /* PBS-Logo.png */ = {isa = PBXFileReference; lastKnownFileType = image.png; path = "PBS-Logo.png"; sourceTree = "<group>"; };
		1DEC2FA514F7BB710038DBB6 /* Settings-icon.png */ = {isa = PBXFileReference; lastKnownFileType = image.png; path = "Settings-icon.png"; sourceTree = "<group>"; };
		1DEC2FA714F7BC980038DBB6 /* Localizable.strings */ = {isa = PBXFileReference; fileEncoding = 4; lastKnownFileType = text.plist.strings; path = Localizable.strings; sourceTree = "<group>"; };
		1DF8384B14F7CF4F007889F5 /* BaseDTVAPIDelegate.h */ = {isa = PBXFileReference; fileEncoding = 4; lastKnownFileType = sourcecode.c.h; path = BaseDTVAPIDelegate.h; sourceTree = "<group>"; };
		1DF8384C14F7CF4F007889F5 /* BaseDTVAPIDelegate.m */ = {isa = PBXFileReference; fileEncoding = 4; lastKnownFileType = sourcecode.c.objc; path = BaseDTVAPIDelegate.m; sourceTree = "<group>"; };
		1DF8384D14F7CF4F007889F5 /* DTVAirdate.h */ = {isa = PBXFileReference; fileEncoding = 4; lastKnownFileType = sourcecode.c.h; path = DTVAirdate.h; sourceTree = "<group>"; };
		1DF8384E14F7CF4F007889F5 /* DTVAirdate.m */ = {isa = PBXFileReference; fileEncoding = 4; lastKnownFileType = sourcecode.c.objc; path = DTVAirdate.m; sourceTree = "<group>"; };
		1DF8384F14F7CF4F007889F5 /* DTVAPIAirdateDelegate.h */ = {isa = PBXFileReference; fileEncoding = 4; lastKnownFileType = sourcecode.c.h; path = DTVAPIAirdateDelegate.h; sourceTree = "<group>"; };
		1DF8385014F7CF4F007889F5 /* DTVAPIAirdateDelegate.m */ = {isa = PBXFileReference; fileEncoding = 4; lastKnownFileType = sourcecode.c.objc; path = DTVAPIAirdateDelegate.m; sourceTree = "<group>"; };
		1DF8385114F7CF4F007889F5 /* DTVAPIFeedDelegate.h */ = {isa = PBXFileReference; fileEncoding = 4; lastKnownFileType = sourcecode.c.h; path = DTVAPIFeedDelegate.h; sourceTree = "<group>"; };
		1DF8385214F7CF4F007889F5 /* DTVAPIFeedDelegate.m */ = {isa = PBXFileReference; fileEncoding = 4; lastKnownFileType = sourcecode.c.objc; path = DTVAPIFeedDelegate.m; sourceTree = "<group>"; };
		1DF8385314F7CF4F007889F5 /* DTVAPIHeadendDelegate.h */ = {isa = PBXFileReference; fileEncoding = 4; lastKnownFileType = sourcecode.c.h; path = DTVAPIHeadendDelegate.h; sourceTree = "<group>"; };
		1DF8385414F7CF4F007889F5 /* DTVAPIHeadendDelegate.m */ = {isa = PBXFileReference; fileEncoding = 4; lastKnownFileType = sourcecode.c.objc; path = DTVAPIHeadendDelegate.m; sourceTree = "<group>"; };
		1DF8385514F7CF4F007889F5 /* DTVAPIProgramDelegate.h */ = {isa = PBXFileReference; fileEncoding = 4; lastKnownFileType = sourcecode.c.h; path = DTVAPIProgramDelegate.h; sourceTree = "<group>"; };
		1DF8385614F7CF4F007889F5 /* DTVAPIProgramDelegate.m */ = {isa = PBXFileReference; fileEncoding = 4; lastKnownFileType = sourcecode.c.objc; path = DTVAPIProgramDelegate.m; sourceTree = "<group>"; };
		1DF8385714F7CF4F007889F5 /* DTVAPIStationDelegate.h */ = {isa = PBXFileReference; fileEncoding = 4; lastKnownFileType = sourcecode.c.h; path = DTVAPIStationDelegate.h; sourceTree = "<group>"; };
		1DF8385814F7CF4F007889F5 /* DTVAPIStationDelegate.m */ = {isa = PBXFileReference; fileEncoding = 4; lastKnownFileType = sourcecode.c.objc; path = DTVAPIStationDelegate.m; sourceTree = "<group>"; };
		1DF8385914F7CF4F007889F5 /* DTVClientAPI.h */ = {isa = PBXFileReference; fileEncoding = 4; lastKnownFileType = sourcecode.c.h; path = DTVClientAPI.h; sourceTree = "<group>"; };
		1DF8385A14F7CF4F007889F5 /* DTVClientAPI.m */ = {isa = PBXFileReference; fileEncoding = 4; lastKnownFileType = sourcecode.c.objc; path = DTVClientAPI.m; sourceTree = "<group>"; };
		1DF8385B14F7CF4F007889F5 /* DTVFeed.h */ = {isa = PBXFileReference; fileEncoding = 4; lastKnownFileType = sourcecode.c.h; path = DTVFeed.h; sourceTree = "<group>"; };
		1DF8385C14F7CF4F007889F5 /* DTVFeed.m */ = {isa = PBXFileReference; fileEncoding = 4; lastKnownFileType = sourcecode.c.objc; path = DTVFeed.m; sourceTree = "<group>"; };
		1DF8385D14F7CF4F007889F5 /* DTVHeadend.h */ = {isa = PBXFileReference; fileEncoding = 4; lastKnownFileType = sourcecode.c.h; path = DTVHeadend.h; sourceTree = "<group>"; };
		1DF8385E14F7CF4F007889F5 /* DTVHeadend.m */ = {isa = PBXFileReference; fileEncoding = 4; lastKnownFileType = sourcecode.c.objc; path = DTVHeadend.m; sourceTree = "<group>"; };
		1DF8385F14F7CF4F007889F5 /* DTVStation.h */ = {isa = PBXFileReference; fileEncoding = 4; lastKnownFileType = sourcecode.c.h; path = DTVStation.h; sourceTree = "<group>"; };
		1DF8386014F7CF4F007889F5 /* DTVStation.m */ = {isa = PBXFileReference; fileEncoding = 4; lastKnownFileType = sourcecode.c.objc; path = DTVStation.m; sourceTree = "<group>"; };
		1DF8388314F7CFF9007889F5 /* ASIAuthenticationDialog.h */ = {isa = PBXFileReference; fileEncoding = 4; lastKnownFileType = sourcecode.c.h; path = ASIAuthenticationDialog.h; sourceTree = "<group>"; };
		1DF8388414F7CFF9007889F5 /* ASIAuthenticationDialog.m */ = {isa = PBXFileReference; fileEncoding = 4; lastKnownFileType = sourcecode.c.objc; path = ASIAuthenticationDialog.m; sourceTree = "<group>"; };
		1DF8388514F7CFF9007889F5 /* ASICacheDelegate.h */ = {isa = PBXFileReference; fileEncoding = 4; lastKnownFileType = sourcecode.c.h; path = ASICacheDelegate.h; sourceTree = "<group>"; };
		1DF8388614F7CFF9007889F5 /* ASIDataCompressor.h */ = {isa = PBXFileReference; fileEncoding = 4; lastKnownFileType = sourcecode.c.h; path = ASIDataCompressor.h; sourceTree = "<group>"; };
		1DF8388714F7CFF9007889F5 /* ASIDataCompressor.m */ = {isa = PBXFileReference; fileEncoding = 4; lastKnownFileType = sourcecode.c.objc; path = ASIDataCompressor.m; sourceTree = "<group>"; };
		1DF8388814F7CFF9007889F5 /* ASIDataDecompressor.h */ = {isa = PBXFileReference; fileEncoding = 4; lastKnownFileType = sourcecode.c.h; path = ASIDataDecompressor.h; sourceTree = "<group>"; };
		1DF8388914F7CFF9007889F5 /* ASIDataDecompressor.m */ = {isa = PBXFileReference; fileEncoding = 4; lastKnownFileType = sourcecode.c.objc; path = ASIDataDecompressor.m; sourceTree = "<group>"; };
		1DF8388A14F7CFF9007889F5 /* ASIDownloadCache.h */ = {isa = PBXFileReference; fileEncoding = 4; lastKnownFileType = sourcecode.c.h; path = ASIDownloadCache.h; sourceTree = "<group>"; };
		1DF8388B14F7CFF9007889F5 /* ASIDownloadCache.m */ = {isa = PBXFileReference; fileEncoding = 4; lastKnownFileType = sourcecode.c.objc; path = ASIDownloadCache.m; sourceTree = "<group>"; };
		1DF8388C14F7CFF9007889F5 /* ASIFormDataRequest.h */ = {isa = PBXFileReference; fileEncoding = 4; lastKnownFileType = sourcecode.c.h; path = ASIFormDataRequest.h; sourceTree = "<group>"; };
		1DF8388D14F7CFF9007889F5 /* ASIFormDataRequest.m */ = {isa = PBXFileReference; fileEncoding = 4; lastKnownFileType = sourcecode.c.objc; path = ASIFormDataRequest.m; sourceTree = "<group>"; };
		1DF8388E14F7CFF9007889F5 /* ASIHTTPRequest.h */ = {isa = PBXFileReference; fileEncoding = 4; lastKnownFileType = sourcecode.c.h; path = ASIHTTPRequest.h; sourceTree = "<group>"; };
		1DF8388F14F7CFF9007889F5 /* ASIHTTPRequest.m */ = {isa = PBXFileReference; fileEncoding = 4; lastKnownFileType = sourcecode.c.objc; path = ASIHTTPRequest.m; sourceTree = "<group>"; };
		1DF8389014F7CFF9007889F5 /* ASIHTTPRequestConfig.h */ = {isa = PBXFileReference; fileEncoding = 4; lastKnownFileType = sourcecode.c.h; path = ASIHTTPRequestConfig.h; sourceTree = "<group>"; };
		1DF8389114F7CFF9007889F5 /* ASIHTTPRequestDelegate.h */ = {isa = PBXFileReference; fileEncoding = 4; lastKnownFileType = sourcecode.c.h; path = ASIHTTPRequestDelegate.h; sourceTree = "<group>"; };
		1DF8389214F7CFF9007889F5 /* ASIInputStream.h */ = {isa = PBXFileReference; fileEncoding = 4; lastKnownFileType = sourcecode.c.h; path = ASIInputStream.h; sourceTree = "<group>"; };
		1DF8389314F7CFF9007889F5 /* ASIInputStream.m */ = {isa = PBXFileReference; fileEncoding = 4; lastKnownFileType = sourcecode.c.objc; path = ASIInputStream.m; sourceTree = "<group>"; };
		1DF8389414F7CFF9007889F5 /* ASINetworkQueue.h */ = {isa = PBXFileReference; fileEncoding = 4; lastKnownFileType = sourcecode.c.h; path = ASINetworkQueue.h; sourceTree = "<group>"; };
		1DF8389514F7CFF9007889F5 /* ASINetworkQueue.m */ = {isa = PBXFileReference; fileEncoding = 4; lastKnownFileType = sourcecode.c.objc; path = ASINetworkQueue.m; sourceTree = "<group>"; };
		1DF8389614F7CFF9007889F5 /* ASIProgressDelegate.h */ = {isa = PBXFileReference; fileEncoding = 4; lastKnownFileType = sourcecode.c.h; path = ASIProgressDelegate.h; sourceTree = "<group>"; };
		1DF838A114F7D021007889F5 /* ASIWebPageRequest.h */ = {isa = PBXFileReference; fileEncoding = 4; lastKnownFileType = sourcecode.c.h; path = ASIWebPageRequest.h; sourceTree = "<group>"; };
		1DF838A214F7D021007889F5 /* ASIWebPageRequest.m */ = {isa = PBXFileReference; fileEncoding = 4; lastKnownFileType = sourcecode.c.objc; path = ASIWebPageRequest.m; sourceTree = "<group>"; };
		1DF838A414F7D02E007889F5 /* Reachability.h */ = {isa = PBXFileReference; fileEncoding = 4; lastKnownFileType = sourcecode.c.h; path = Reachability.h; sourceTree = "<group>"; };
		1DF838A514F7D02E007889F5 /* Reachability.m */ = {isa = PBXFileReference; fileEncoding = 4; lastKnownFileType = sourcecode.c.objc; path = Reachability.m; sourceTree = "<group>"; };
		1DF838C414F7D1A6007889F5 /* libxml2.dylib */ = {isa = PBXFileReference; lastKnownFileType = "compiled.mach-o.dylib"; name = libxml2.dylib; path = usr/lib/libxml2.dylib; sourceTree = SDKROOT; };
		1DF838C614F7D1FB007889F5 /* CFNetwork.framework */ = {isa = PBXFileReference; lastKnownFileType = wrapper.framework; name = CFNetwork.framework; path = System/Library/Frameworks/CFNetwork.framework; sourceTree = SDKROOT; };
		1DF838C814F7D205007889F5 /* SystemConfiguration.framework */ = {isa = PBXFileReference; lastKnownFileType = wrapper.framework; name = SystemConfiguration.framework; path = System/Library/Frameworks/SystemConfiguration.framework; sourceTree = SDKROOT; };
		1DF838CA14F7D20F007889F5 /* MobileCoreServices.framework */ = {isa = PBXFileReference; lastKnownFileType = wrapper.framework; name = MobileCoreServices.framework; path = System/Library/Frameworks/MobileCoreServices.framework; sourceTree = SDKROOT; };
		1DF838CC14F7D225007889F5 /* libz.dylib */ = {isa = PBXFileReference; lastKnownFileType = "compiled.mach-o.dylib"; name = libz.dylib; path = usr/lib/libz.dylib; sourceTree = SDKROOT; };
		1DF838CF14F7D260007889F5 /* JSONKit.h */ = {isa = PBXFileReference; fileEncoding = 4; lastKnownFileType = sourcecode.c.h; path = JSONKit.h; sourceTree = "<group>"; };
		1DF838D014F7D260007889F5 /* JSONKit.m */ = {isa = PBXFileReference; fileEncoding = 4; lastKnownFileType = sourcecode.c.objc; path = JSONKit.m; sourceTree = "<group>"; };
		1DF838D114F7D260007889F5 /* README.html */ = {isa = PBXFileReference; fileEncoding = 4; lastKnownFileType = text.html; path = README.html; sourceTree = "<group>"; };
		1DF838D714F7D2B9007889F5 /* CommonDefines.h */ = {isa = PBXFileReference; fileEncoding = 4; lastKnownFileType = sourcecode.c.h; path = CommonDefines.h; sourceTree = "<group>"; };
		1DF838DB14F7D3B2007889F5 /* BaseCOVEAPIDelegate.h */ = {isa = PBXFileReference; fileEncoding = 4; lastKnownFileType = sourcecode.c.h; path = BaseCOVEAPIDelegate.h; sourceTree = "<group>"; };
		1DF838DC14F7D3B2007889F5 /* BaseCOVEAPIDelegate.m */ = {isa = PBXFileReference; fileEncoding = 4; lastKnownFileType = sourcecode.c.objc; path = BaseCOVEAPIDelegate.m; sourceTree = "<group>"; };
		1DF838DD14F7D3B2007889F5 /* COVEAPICategoryDelegate.h */ = {isa = PBXFileReference; fileEncoding = 4; lastKnownFileType = sourcecode.c.h; path = COVEAPICategoryDelegate.h; sourceTree = "<group>"; };
		1DF838DE14F7D3B2007889F5 /* COVEAPICategoryDelegate.m */ = {isa = PBXFileReference; fileEncoding = 4; lastKnownFileType = sourcecode.c.objc; path = COVEAPICategoryDelegate.m; sourceTree = "<group>"; };
		1DF838DF14F7D3B2007889F5 /* COVEAPIEpisodeDelegate.h */ = {isa = PBXFileReference; fileEncoding = 4; lastKnownFileType = sourcecode.c.h; path = COVEAPIEpisodeDelegate.h; sourceTree = "<group>"; };
		1DF838E014F7D3B2007889F5 /* COVEAPIEpisodeDelegate.m */ = {isa = PBXFileReference; fileEncoding = 4; lastKnownFileType = sourcecode.c.objc; path = COVEAPIEpisodeDelegate.m; sourceTree = "<group>"; };
		1DF838E114F7D3B2007889F5 /* COVEAPIGroupDelegate.h */ = {isa = PBXFileReference; fileEncoding = 4; lastKnownFileType = sourcecode.c.h; path = COVEAPIGroupDelegate.h; sourceTree = "<group>"; };
		1DF838E214F7D3B2007889F5 /* COVEAPIGroupDelegate.m */ = {isa = PBXFileReference; fileEncoding = 4; lastKnownFileType = sourcecode.c.objc; path = COVEAPIGroupDelegate.m; sourceTree = "<group>"; };
		1DF838E314F7D3B2007889F5 /* COVEAPIProgramDelegate.h */ = {isa = PBXFileReference; fileEncoding = 4; lastKnownFileType = sourcecode.c.h; path = COVEAPIProgramDelegate.h; sourceTree = "<group>"; };
		1DF838E414F7D3B2007889F5 /* COVEAPIProgramDelegate.m */ = {isa = PBXFileReference; fileEncoding = 4; lastKnownFileType = sourcecode.c.objc; path = COVEAPIProgramDelegate.m; sourceTree = "<group>"; };
		1DF838E514F7D3B2007889F5 /* COVECategory.h */ = {isa = PBXFileReference; fileEncoding = 4; lastKnownFileType = sourcecode.c.h; path = COVECategory.h; sourceTree = "<group>"; };
		1DF838E614F7D3B2007889F5 /* COVECategory.m */ = {isa = PBXFileReference; fileEncoding = 4; lastKnownFileType = sourcecode.c.objc; path = COVECategory.m; sourceTree = "<group>"; };
		1DF838E714F7D3B2007889F5 /* COVEClientAPI.h */ = {isa = PBXFileReference; fileEncoding = 4; lastKnownFileType = sourcecode.c.h; path = COVEClientAPI.h; sourceTree = "<group>"; };
		1DF838E814F7D3B2007889F5 /* COVEClientAPI.m */ = {isa = PBXFileReference; fileEncoding = 4; lastKnownFileType = sourcecode.c.objc; path = COVEClientAPI.m; sourceTree = "<group>"; };
		1DF838E914F7D3B2007889F5 /* COVEEpisode.h */ = {isa = PBXFileReference; fileEncoding = 4; lastKnownFileType = sourcecode.c.h; path = COVEEpisode.h; sourceTree = "<group>"; };
		1DF838EA14F7D3B2007889F5 /* COVEEpisode.m */ = {isa = PBXFileReference; fileEncoding = 4; lastKnownFileType = sourcecode.c.objc; path = COVEEpisode.m; sourceTree = "<group>"; };
		1DF838EB14F7D3B2007889F5 /* COVEProgram.h */ = {isa = PBXFileReference; fileEncoding = 4; lastKnownFileType = sourcecode.c.h; path = COVEProgram.h; sourceTree = "<group>"; };
		1DF838EC14F7D3B2007889F5 /* COVEProgram.m */ = {isa = PBXFileReference; fileEncoding = 4; lastKnownFileType = sourcecode.c.objc; path = COVEProgram.m; sourceTree = "<group>"; };
		DC0577BC14FA712000E4D14E /* MKPolyline+BroadcastInfo.h */ = {isa = PBXFileReference; fileEncoding = 4; lastKnownFileType = sourcecode.c.h; path = "MKPolyline+BroadcastInfo.h"; sourceTree = "<group>"; };
		DC0577BD14FA712000E4D14E /* MKPolyline+BroadcastInfo.m */ = {isa = PBXFileReference; fileEncoding = 4; lastKnownFileType = sourcecode.c.objc; path = "MKPolyline+BroadcastInfo.m"; sourceTree = "<group>"; };
		DC40FF1514F91EF8000F9281 /* MKPolygon+BroadcastInfo.h */ = {isa = PBXFileReference; fileEncoding = 4; lastKnownFileType = sourcecode.c.h; path = "MKPolygon+BroadcastInfo.h"; sourceTree = "<group>"; };
		DC40FF1614F91EF8000F9281 /* MKPolygon+BroadcastInfo.m */ = {isa = PBXFileReference; fileEncoding = 4; lastKnownFileType = sourcecode.c.objc; path = "MKPolygon+BroadcastInfo.m"; sourceTree = "<group>"; };
		DC40FF2714F92DD4000F9281 /* station_tower_0x00ff00.gif */ = {isa = PBXFileReference; lastKnownFileType = image.gif; path = station_tower_0x00ff00.gif; sourceTree = "<group>"; };
		DC40FF2914F93898000F9281 /* station_tower_0xff0000.gif */ = {isa = PBXFileReference; lastKnownFileType = image.gif; path = station_tower_0xff0000.gif; sourceTree = "<group>"; };
		DC40FF2B14F93A58000F9281 /* station_tower_0x0000ff.gif */ = {isa = PBXFileReference; lastKnownFileType = image.gif; path = station_tower_0x0000ff.gif; sourceTree = "<group>"; };
		DC40FF3314F948B9000F9281 /* WMPB-Overlay.png */ = {isa = PBXFileReference; lastKnownFileType = image.png; path = "WMPB-Overlay.png"; sourceTree = "<group>"; };
		DC40FF3514F94A04000F9281 /* StationSignalOverlayView.h */ = {isa = PBXFileReference; fileEncoding = 4; lastKnownFileType = sourcecode.c.h; path = StationSignalOverlayView.h; sourceTree = "<group>"; };
		DC40FF3614F94A04000F9281 /* StationSignalOverlayView.m */ = {isa = PBXFileReference; fileEncoding = 4; lastKnownFileType = sourcecode.c.objc; path = StationSignalOverlayView.m; sourceTree = "<group>"; };
		DCB254EC14F8463A00444352 /* FCCService.h */ = {isa = PBXFileReference; fileEncoding = 4; lastKnownFileType = sourcecode.c.h; path = FCCService.h; sourceTree = "<group>"; };
		DCB254ED14F8463A00444352 /* FCCService.m */ = {isa = PBXFileReference; fileEncoding = 4; lastKnownFileType = sourcecode.c.objc; path = FCCService.m; sourceTree = "<group>"; };
		DCB254FE14F8511D00444352 /* WETA.json */ = {isa = PBXFileReference; fileEncoding = 4; lastKnownFileType = text.json; path = WETA.json; sourceTree = "<group>"; };
		DCB254FF14F8511D00444352 /* WHUT.json */ = {isa = PBXFileReference; fileEncoding = 4; lastKnownFileType = text.json; path = WHUT.json; sourceTree = "<group>"; };
		DCB2550014F8511D00444352 /* WMPB.json */ = {isa = PBXFileReference; fileEncoding = 4; lastKnownFileType = text.json; path = WMPB.json; sourceTree = "<group>"; };
		DCB2550414F854A500444352 /* GraphicalStation.h */ = {isa = PBXFileReference; fileEncoding = 4; lastKnownFileType = sourcecode.c.h; path = GraphicalStation.h; sourceTree = "<group>"; };
		DCB2550514F854A500444352 /* GraphicalStation.m */ = {isa = PBXFileReference; fileEncoding = 4; lastKnownFileType = sourcecode.c.objc; path = GraphicalStation.m; sourceTree = "<group>"; };
		DCB2550714F8653E00444352 /* StationAnnotation.h */ = {isa = PBXFileReference; fileEncoding = 4; lastKnownFileType = sourcecode.c.h; path = StationAnnotation.h; sourceTree = "<group>"; };
		DCB2550814F8653E00444352 /* StationAnnotation.m */ = {isa = PBXFileReference; fileEncoding = 4; lastKnownFileType = sourcecode.c.objc; path = StationAnnotation.m; sourceTree = "<group>"; };
		DCCC375914FAED85009F7548 /* UIColor+HexRGBAddition.h */ = {isa = PBXFileReference; fileEncoding = 4; lastKnownFileType = sourcecode.c.h; path = "UIColor+HexRGBAddition.h"; sourceTree = "<group>"; };
		DCCC375A14FAED85009F7548 /* UIColor+HexRGBAddition.m */ = {isa = PBXFileReference; fileEncoding = 4; lastKnownFileType = sourcecode.c.objc; path = "UIColor+HexRGBAddition.m"; sourceTree = "<group>"; };
/* End PBXFileReference section */

/* Begin PBXFrameworksBuildPhase section */
		1DB1E21014F7842600C7D0DF /* Frameworks */ = {
			isa = PBXFrameworksBuildPhase;
			buildActionMask = 2147483647;
			files = (
				1DF838CB14F7D20F007889F5 /* MobileCoreServices.framework in Frameworks */,
				1DF838C914F7D205007889F5 /* SystemConfiguration.framework in Frameworks */,
				1DF838C714F7D1FB007889F5 /* CFNetwork.framework in Frameworks */,
				1DB1E24F14F7851100C7D0DF /* CoreLocation.framework in Frameworks */,
				1DB1E24D14F784DE00C7D0DF /* MapKit.framework in Frameworks */,
				1DB1E21814F7842600C7D0DF /* UIKit.framework in Frameworks */,
				1DB1E21A14F7842600C7D0DF /* Foundation.framework in Frameworks */,
				1DB1E21C14F7842600C7D0DF /* CoreGraphics.framework in Frameworks */,
				1DF838C514F7D1A6007889F5 /* libxml2.dylib in Frameworks */,
				1DF838CD14F7D225007889F5 /* libz.dylib in Frameworks */,
			);
			runOnlyForDeploymentPostprocessing = 0;
		};
		1DB1E23014F7842600C7D0DF /* Frameworks */ = {
			isa = PBXFrameworksBuildPhase;
			buildActionMask = 2147483647;
			files = (
				1DB1E23614F7842600C7D0DF /* SenTestingKit.framework in Frameworks */,
				1DB1E23714F7842600C7D0DF /* UIKit.framework in Frameworks */,
				1DB1E23814F7842600C7D0DF /* Foundation.framework in Frameworks */,
			);
			runOnlyForDeploymentPostprocessing = 0;
		};
/* End PBXFrameworksBuildPhase section */

/* Begin PBXGroup section */
		1DB1E20814F7842600C7D0DF = {
			isa = PBXGroup;
			children = (
				1DB1E21D14F7842600C7D0DF /* MapMashup */,
				1DB1E23B14F7842600C7D0DF /* MapMashupTests */,
				1DB1E21614F7842600C7D0DF /* Frameworks */,
				1DB1E21414F7842600C7D0DF /* Products */,
			);
			sourceTree = "<group>";
		};
		1DB1E21414F7842600C7D0DF /* Products */ = {
			isa = PBXGroup;
			children = (
				1DB1E21314F7842600C7D0DF /* MapMashup.app */,
				1DB1E23414F7842600C7D0DF /* MapMashupTests.octest */,
			);
			name = Products;
			sourceTree = "<group>";
		};
		1DB1E21614F7842600C7D0DF /* Frameworks */ = {
			isa = PBXGroup;
			children = (
				1DF838CC14F7D225007889F5 /* libz.dylib */,
				1DF838CA14F7D20F007889F5 /* MobileCoreServices.framework */,
				1DF838C814F7D205007889F5 /* SystemConfiguration.framework */,
				1DF838C614F7D1FB007889F5 /* CFNetwork.framework */,
				1DF838C414F7D1A6007889F5 /* libxml2.dylib */,
				1DB1E24E14F7851100C7D0DF /* CoreLocation.framework */,
				1DB1E24C14F784DE00C7D0DF /* MapKit.framework */,
				1DB1E21714F7842600C7D0DF /* UIKit.framework */,
				1DB1E21914F7842600C7D0DF /* Foundation.framework */,
				1DB1E21B14F7842600C7D0DF /* CoreGraphics.framework */,
				1DB1E23514F7842600C7D0DF /* SenTestingKit.framework */,
			);
			name = Frameworks;
			sourceTree = "<group>";
		};
		1DB1E21D14F7842600C7D0DF /* MapMashup */ = {
			isa = PBXGroup;
			children = (
				DC40FF2E14F945BD000F9281 /* Classes */,
				DC40FF2D14F945B4000F9281 /* Libs */,
				1DB1E21E14F7842600C7D0DF /* Supporting Files */,
			);
			path = MapMashup;
			sourceTree = "<group>";
		};
		1DB1E21E14F7842600C7D0DF /* Supporting Files */ = {
			isa = PBXGroup;
			children = (
				DCB254FC14F8510300444352 /* jsons */,
				1DEC2FA214F7BAC80038DBB6 /* images */,
				1DB1E22914F7842600C7D0DF /* MainStoryboard.storyboard */,
				1DB1E21F14F7842600C7D0DF /* MapMashup-Info.plist */,
				1DB1E22014F7842600C7D0DF /* InfoPlist.strings */,
				1DB1E22314F7842600C7D0DF /* main.m */,
				1DB1E22514F7842600C7D0DF /* MapMashup-Prefix.pch */,
				1DEC2FA714F7BC980038DBB6 /* Localizable.strings */,
			);
			name = "Supporting Files";
			sourceTree = "<group>";
		};
		1DB1E23B14F7842600C7D0DF /* MapMashupTests */ = {
			isa = PBXGroup;
			children = (
				1DB1E24114F7842600C7D0DF /* MapMashupTests.h */,
				1DB1E24214F7842600C7D0DF /* MapMashupTests.m */,
				1DB1E23C14F7842600C7D0DF /* Supporting Files */,
			);
			path = MapMashupTests;
			sourceTree = "<group>";
		};
		1DB1E23C14F7842600C7D0DF /* Supporting Files */ = {
			isa = PBXGroup;
			children = (
				1DB1E23D14F7842600C7D0DF /* MapMashupTests-Info.plist */,
				1DB1E23E14F7842600C7D0DF /* InfoPlist.strings */,
			);
			name = "Supporting Files";
			sourceTree = "<group>";
		};
		1DEC2FA214F7BAC80038DBB6 /* images */ = {
			isa = PBXGroup;
			children = (
				DC40FF3314F948B9000F9281 /* WMPB-Overlay.png */,
				DC40FF2B14F93A58000F9281 /* station_tower_0x0000ff.gif */,
				DC40FF2914F93898000F9281 /* station_tower_0xff0000.gif */,
				DC40FF2714F92DD4000F9281 /* station_tower_0x00ff00.gif */,
				1DEC2FA514F7BB710038DBB6 /* Settings-icon.png */,
				1DEC2FA314F7BAF20038DBB6 /* PBS-Logo.png */,
			);
			name = images;
			sourceTree = "<group>";
		};
		1DF8384714F7CF15007889F5 /* Common */ = {
			isa = PBXGroup;
			children = (
				1DF838D614F7D2AF007889F5 /* Utils */,
				1DF8384914F7CF2F007889F5 /* PBS API Clients */,
			);
			name = Common;
			sourceTree = "<group>";
		};
		1DF8384914F7CF2F007889F5 /* PBS API Clients */ = {
			isa = PBXGroup;
			children = (
				1DF838DA14F7D39C007889F5 /* COVE */,
				1DF8384A14F7CF3A007889F5 /* DTV */,
			);
			name = "PBS API Clients";
			sourceTree = "<group>";
		};
		1DF8384A14F7CF3A007889F5 /* DTV */ = {
			isa = PBXGroup;
			children = (
				1DF8384B14F7CF4F007889F5 /* BaseDTVAPIDelegate.h */,
				1DF8384C14F7CF4F007889F5 /* BaseDTVAPIDelegate.m */,
				1DF8384D14F7CF4F007889F5 /* DTVAirdate.h */,
				1DF8384E14F7CF4F007889F5 /* DTVAirdate.m */,
				1DF8384F14F7CF4F007889F5 /* DTVAPIAirdateDelegate.h */,
				1DF8385014F7CF4F007889F5 /* DTVAPIAirdateDelegate.m */,
				1DF8385114F7CF4F007889F5 /* DTVAPIFeedDelegate.h */,
				1DF8385214F7CF4F007889F5 /* DTVAPIFeedDelegate.m */,
				1DF8385314F7CF4F007889F5 /* DTVAPIHeadendDelegate.h */,
				1DF8385414F7CF4F007889F5 /* DTVAPIHeadendDelegate.m */,
				1DF8385514F7CF4F007889F5 /* DTVAPIProgramDelegate.h */,
				1DF8385614F7CF4F007889F5 /* DTVAPIProgramDelegate.m */,
				1DF8385714F7CF4F007889F5 /* DTVAPIStationDelegate.h */,
				1DF8385814F7CF4F007889F5 /* DTVAPIStationDelegate.m */,
				1DF8385914F7CF4F007889F5 /* DTVClientAPI.h */,
				1DF8385A14F7CF4F007889F5 /* DTVClientAPI.m */,
				1DF8385B14F7CF4F007889F5 /* DTVFeed.h */,
				1DF8385C14F7CF4F007889F5 /* DTVFeed.m */,
				1DF8385D14F7CF4F007889F5 /* DTVHeadend.h */,
				1DF8385E14F7CF4F007889F5 /* DTVHeadend.m */,
				1DF8385F14F7CF4F007889F5 /* DTVStation.h */,
				1DF8386014F7CF4F007889F5 /* DTVStation.m */,
			);
			name = DTV;
			sourceTree = "<group>";
		};
		1DF8388214F7CFE8007889F5 /* ASIHTTPRequest */ = {
			isa = PBXGroup;
			children = (
				1DF838A014F7D00D007889F5 /* Reachability */,
				1DF8389F14F7D002007889F5 /* ASIWebPageRequest */,
				1DF8388314F7CFF9007889F5 /* ASIAuthenticationDialog.h */,
				1DF8388414F7CFF9007889F5 /* ASIAuthenticationDialog.m */,
				1DF8388514F7CFF9007889F5 /* ASICacheDelegate.h */,
				1DF8388614F7CFF9007889F5 /* ASIDataCompressor.h */,
				1DF8388714F7CFF9007889F5 /* ASIDataCompressor.m */,
				1DF8388814F7CFF9007889F5 /* ASIDataDecompressor.h */,
				1DF8388914F7CFF9007889F5 /* ASIDataDecompressor.m */,
				1DF8388A14F7CFF9007889F5 /* ASIDownloadCache.h */,
				1DF8388B14F7CFF9007889F5 /* ASIDownloadCache.m */,
				1DF8388C14F7CFF9007889F5 /* ASIFormDataRequest.h */,
				1DF8388D14F7CFF9007889F5 /* ASIFormDataRequest.m */,
				1DF8388E14F7CFF9007889F5 /* ASIHTTPRequest.h */,
				1DF8388F14F7CFF9007889F5 /* ASIHTTPRequest.m */,
				1DF8389014F7CFF9007889F5 /* ASIHTTPRequestConfig.h */,
				1DF8389114F7CFF9007889F5 /* ASIHTTPRequestDelegate.h */,
				1DF8389214F7CFF9007889F5 /* ASIInputStream.h */,
				1DF8389314F7CFF9007889F5 /* ASIInputStream.m */,
				1DF8389414F7CFF9007889F5 /* ASINetworkQueue.h */,
				1DF8389514F7CFF9007889F5 /* ASINetworkQueue.m */,
				1DF8389614F7CFF9007889F5 /* ASIProgressDelegate.h */,
			);
			name = ASIHTTPRequest;
			sourceTree = "<group>";
		};
		1DF8389F14F7D002007889F5 /* ASIWebPageRequest */ = {
			isa = PBXGroup;
			children = (
				1DF838A114F7D021007889F5 /* ASIWebPageRequest.h */,
				1DF838A214F7D021007889F5 /* ASIWebPageRequest.m */,
			);
			name = ASIWebPageRequest;
			sourceTree = "<group>";
		};
		1DF838A014F7D00D007889F5 /* Reachability */ = {
			isa = PBXGroup;
			children = (
				1DF838A414F7D02E007889F5 /* Reachability.h */,
				1DF838A514F7D02E007889F5 /* Reachability.m */,
			);
			name = Reachability;
			sourceTree = "<group>";
		};
		1DF838CE14F7D24F007889F5 /* JSONKit */ = {
			isa = PBXGroup;
			children = (
				1DF838CF14F7D260007889F5 /* JSONKit.h */,
				1DF838D014F7D260007889F5 /* JSONKit.m */,
				1DF838D114F7D260007889F5 /* README.html */,
			);
			name = JSONKit;
			sourceTree = "<group>";
		};
		1DF838D614F7D2AF007889F5 /* Utils */ = {
			isa = PBXGroup;
			children = (
				1DF838D714F7D2B9007889F5 /* CommonDefines.h */,
			);
			name = Utils;
			sourceTree = "<group>";
		};
		1DF838DA14F7D39C007889F5 /* COVE */ = {
			isa = PBXGroup;
			children = (
				1DF838DB14F7D3B2007889F5 /* BaseCOVEAPIDelegate.h */,
				1DF838DC14F7D3B2007889F5 /* BaseCOVEAPIDelegate.m */,
				1DF838DD14F7D3B2007889F5 /* COVEAPICategoryDelegate.h */,
				1DF838DE14F7D3B2007889F5 /* COVEAPICategoryDelegate.m */,
				1DF838DF14F7D3B2007889F5 /* COVEAPIEpisodeDelegate.h */,
				1DF838E014F7D3B2007889F5 /* COVEAPIEpisodeDelegate.m */,
				1DF838E114F7D3B2007889F5 /* COVEAPIGroupDelegate.h */,
				1DF838E214F7D3B2007889F5 /* COVEAPIGroupDelegate.m */,
				1DF838E314F7D3B2007889F5 /* COVEAPIProgramDelegate.h */,
				1DF838E414F7D3B2007889F5 /* COVEAPIProgramDelegate.m */,
				1DF838E514F7D3B2007889F5 /* COVECategory.h */,
				1DF838E614F7D3B2007889F5 /* COVECategory.m */,
				1DF838E714F7D3B2007889F5 /* COVEClientAPI.h */,
				1DF838E814F7D3B2007889F5 /* COVEClientAPI.m */,
				1DF838E914F7D3B2007889F5 /* COVEEpisode.h */,
				1DF838EA14F7D3B2007889F5 /* COVEEpisode.m */,
				1DF838EB14F7D3B2007889F5 /* COVEProgram.h */,
				1DF838EC14F7D3B2007889F5 /* COVEProgram.m */,
			);
			name = COVE;
			sourceTree = "<group>";
		};
		DC40FF2D14F945B4000F9281 /* Libs */ = {
			isa = PBXGroup;
			children = (
				1DF838CE14F7D24F007889F5 /* JSONKit */,
				1DF8388214F7CFE8007889F5 /* ASIHTTPRequest */,
				1DF8384714F7CF15007889F5 /* Common */,
			);
			name = Libs;
			sourceTree = "<group>";
		};
		DC40FF2E14F945BD000F9281 /* Classes */ = {
			isa = PBXGroup;
			children = (
				DC40FF3214F9464E000F9281 /* Views */,
				DC40FF3114F9463B000F9281 /* Model */,
				DC40FF2F14F945F8000F9281 /* Categories */,
				1DB1E22614F7842600C7D0DF /* AppDelegate.h */,
				1DB1E22714F7842600C7D0DF /* AppDelegate.m */,
				1DB1E22C14F7842600C7D0DF /* MapMashupViewController.h */,
				1DB1E22D14F7842600C7D0DF /* MapMashupViewController.m */,
				DCB254EC14F8463A00444352 /* FCCService.h */,
				DCB254ED14F8463A00444352 /* FCCService.m */,
				1D6C1D0714FB8A5100DDA4CB /* SettingsViewController.h */,
				1D6C1D0814FB8A5100DDA4CB /* SettingsViewController.m */,
			);
			name = Classes;
			sourceTree = "<group>";
		};
		DC40FF2F14F945F8000F9281 /* Categories */ = {
			isa = PBXGroup;
			children = (
				DC40FF1514F91EF8000F9281 /* MKPolygon+BroadcastInfo.h */,
				DC40FF1614F91EF8000F9281 /* MKPolygon+BroadcastInfo.m */,
				DC0577BC14FA712000E4D14E /* MKPolyline+BroadcastInfo.h */,
				DC0577BD14FA712000E4D14E /* MKPolyline+BroadcastInfo.m */,
				DCCC375914FAED85009F7548 /* UIColor+HexRGBAddition.h */,
				DCCC375A14FAED85009F7548 /* UIColor+HexRGBAddition.m */,
			);
			name = Categories;
			sourceTree = "<group>";
		};
		DC40FF3114F9463B000F9281 /* Model */ = {
			isa = PBXGroup;
			children = (
				DCB2550414F854A500444352 /* GraphicalStation.h */,
				DCB2550514F854A500444352 /* GraphicalStation.m */,
			);
			name = Model;
			sourceTree = "<group>";
		};
		DC40FF3214F9464E000F9281 /* Views */ = {
			isa = PBXGroup;
			children = (
				DCB2550714F8653E00444352 /* StationAnnotation.h */,
				DCB2550814F8653E00444352 /* StationAnnotation.m */,
				DC40FF3514F94A04000F9281 /* StationSignalOverlayView.h */,
				DC40FF3614F94A04000F9281 /* StationSignalOverlayView.m */,
			);
			name = Views;
			sourceTree = "<group>";
		};
		DCB254FC14F8510300444352 /* jsons */ = {
			isa = PBXGroup;
			children = (
				DCB254FE14F8511D00444352 /* WETA.json */,
				DCB254FF14F8511D00444352 /* WHUT.json */,
				DCB2550014F8511D00444352 /* WMPB.json */,
			);
			name = jsons;
			sourceTree = "<group>";
		};
/* End PBXGroup section */

/* Begin PBXNativeTarget section */
		1DB1E21214F7842600C7D0DF /* MapMashup */ = {
			isa = PBXNativeTarget;
			buildConfigurationList = 1DB1E24614F7842600C7D0DF /* Build configuration list for PBXNativeTarget "MapMashup" */;
			buildPhases = (
				1DB1E20F14F7842600C7D0DF /* Sources */,
				1DB1E21014F7842600C7D0DF /* Frameworks */,
				1DB1E21114F7842600C7D0DF /* Resources */,
			);
			buildRules = (
			);
			dependencies = (
			);
			name = MapMashup;
			productName = MapMashup;
			productReference = 1DB1E21314F7842600C7D0DF /* MapMashup.app */;
			productType = "com.apple.product-type.application";
		};
		1DB1E23314F7842600C7D0DF /* MapMashupTests */ = {
			isa = PBXNativeTarget;
			buildConfigurationList = 1DB1E24914F7842600C7D0DF /* Build configuration list for PBXNativeTarget "MapMashupTests" */;
			buildPhases = (
				1DB1E22F14F7842600C7D0DF /* Sources */,
				1DB1E23014F7842600C7D0DF /* Frameworks */,
				1DB1E23114F7842600C7D0DF /* Resources */,
				1DB1E23214F7842600C7D0DF /* ShellScript */,
			);
			buildRules = (
			);
			dependencies = (
				1DB1E23A14F7842600C7D0DF /* PBXTargetDependency */,
			);
			name = MapMashupTests;
			productName = MapMashupTests;
			productReference = 1DB1E23414F7842600C7D0DF /* MapMashupTests.octest */;
			productType = "com.apple.product-type.bundle";
		};
/* End PBXNativeTarget section */

/* Begin PBXProject section */
		1DB1E20A14F7842600C7D0DF /* Project object */ = {
			isa = PBXProject;
			attributes = {
				LastUpgradeCheck = 0430;
			};
			buildConfigurationList = 1DB1E20D14F7842600C7D0DF /* Build configuration list for PBXProject "MapMashup" */;
			compatibilityVersion = "Xcode 3.2";
			developmentRegion = English;
			hasScannedForEncodings = 0;
			knownRegions = (
				en,
			);
			mainGroup = 1DB1E20814F7842600C7D0DF;
			productRefGroup = 1DB1E21414F7842600C7D0DF /* Products */;
			projectDirPath = "";
			projectRoot = "";
			targets = (
				1DB1E21214F7842600C7D0DF /* MapMashup */,
				1DB1E23314F7842600C7D0DF /* MapMashupTests */,
			);
		};
/* End PBXProject section */

/* Begin PBXResourcesBuildPhase section */
		1DB1E21114F7842600C7D0DF /* Resources */ = {
			isa = PBXResourcesBuildPhase;
			buildActionMask = 2147483647;
			files = (
				1DB1E22214F7842600C7D0DF /* InfoPlist.strings in Resources */,
				1DB1E22B14F7842600C7D0DF /* MainStoryboard.storyboard in Resources */,
				1DEC2FA414F7BAF20038DBB6 /* PBS-Logo.png in Resources */,
				1DEC2FA614F7BB710038DBB6 /* Settings-icon.png in Resources */,
				1DEC2FA814F7BC980038DBB6 /* Localizable.strings in Resources */,
				DCB2550114F8511D00444352 /* WETA.json in Resources */,
				DCB2550214F8511D00444352 /* WHUT.json in Resources */,
				DCB2550314F8511D00444352 /* WMPB.json in Resources */,
				DC40FF2814F92DD5000F9281 /* station_tower_0x00ff00.gif in Resources */,
				DC40FF2A14F93898000F9281 /* station_tower_0xff0000.gif in Resources */,
				DC40FF2C14F93A58000F9281 /* station_tower_0x0000ff.gif in Resources */,
				DC40FF3414F948B9000F9281 /* WMPB-Overlay.png in Resources */,
			);
			runOnlyForDeploymentPostprocessing = 0;
		};
		1DB1E23114F7842600C7D0DF /* Resources */ = {
			isa = PBXResourcesBuildPhase;
			buildActionMask = 2147483647;
			files = (
				1DB1E24014F7842600C7D0DF /* InfoPlist.strings in Resources */,
				1DF838D314F7D260007889F5 /* README.html in Resources */,
			);
			runOnlyForDeploymentPostprocessing = 0;
		};
/* End PBXResourcesBuildPhase section */

/* Begin PBXShellScriptBuildPhase section */
		1DB1E23214F7842600C7D0DF /* ShellScript */ = {
			isa = PBXShellScriptBuildPhase;
			buildActionMask = 2147483647;
			files = (
			);
			inputPaths = (
			);
			outputPaths = (
			);
			runOnlyForDeploymentPostprocessing = 0;
			shellPath = /bin/sh;
			shellScript = "# Run the unit tests in this test bundle.\n\"${SYSTEM_DEVELOPER_DIR}/Tools/RunUnitTests\"\n";
		};
/* End PBXShellScriptBuildPhase section */

/* Begin PBXSourcesBuildPhase section */
		1DB1E20F14F7842600C7D0DF /* Sources */ = {
			isa = PBXSourcesBuildPhase;
			buildActionMask = 2147483647;
			files = (
				1DF838F614F7D3C3007889F5 /* BaseCOVEAPIDelegate.h in Sources */,
				1DF838F714F7D3C4007889F5 /* BaseCOVEAPIDelegate.m in Sources */,
				1DF838F814F7D3C4007889F5 /* COVEAPICategoryDelegate.h in Sources */,
				1DF838F914F7D3C4007889F5 /* COVEAPICategoryDelegate.m in Sources */,
				1DF838FA14F7D3C4007889F5 /* COVEAPIEpisodeDelegate.h in Sources */,
				1DF838FB14F7D3C4007889F5 /* COVEAPIEpisodeDelegate.m in Sources */,
				1DF838FC14F7D3C4007889F5 /* COVEAPIGroupDelegate.h in Sources */,
				1DF838FD14F7D3C4007889F5 /* COVEAPIGroupDelegate.m in Sources */,
				1DF838FE14F7D3C4007889F5 /* COVEAPIProgramDelegate.h in Sources */,
				1DF838FF14F7D3C4007889F5 /* COVEAPIProgramDelegate.m in Sources */,
				1DF8390014F7D3C4007889F5 /* COVECategory.h in Sources */,
				1DF8390114F7D3C4007889F5 /* COVECategory.m in Sources */,
				1DF8390214F7D3C4007889F5 /* COVEClientAPI.h in Sources */,
				1DF8390314F7D3C4007889F5 /* COVEClientAPI.m in Sources */,
				1DF8390414F7D3C4007889F5 /* COVEEpisode.h in Sources */,
				1DF8390514F7D3C4007889F5 /* COVEEpisode.m in Sources */,
				1DF8390614F7D3C4007889F5 /* COVEProgram.h in Sources */,
				1DF8390714F7D3C4007889F5 /* COVEProgram.m in Sources */,
				1DF838D414F7D270007889F5 /* JSONKit.h in Sources */,
				1DF838D514F7D270007889F5 /* JSONKit.m in Sources */,
				1DF838A714F7D03D007889F5 /* Reachability.h in Sources */,
				1DF838A814F7D03D007889F5 /* Reachability.m in Sources */,
				1DF838A914F7D03D007889F5 /* ASIWebPageRequest.h in Sources */,
				1DF838AA14F7D03D007889F5 /* ASIWebPageRequest.m in Sources */,
				1DF838AB14F7D03D007889F5 /* ASIAuthenticationDialog.h in Sources */,
				1DF838AC14F7D03D007889F5 /* ASIAuthenticationDialog.m in Sources */,
				1DF838AD14F7D03D007889F5 /* ASICacheDelegate.h in Sources */,
				1DF838AE14F7D03D007889F5 /* ASIDataCompressor.h in Sources */,
				1DF838AF14F7D03D007889F5 /* ASIDataCompressor.m in Sources */,
				1DF838B014F7D03D007889F5 /* ASIDataDecompressor.h in Sources */,
				1DF838B114F7D03D007889F5 /* ASIDataDecompressor.m in Sources */,
				1DF838B214F7D03D007889F5 /* ASIDownloadCache.h in Sources */,
				1DF838B314F7D03D007889F5 /* ASIDownloadCache.m in Sources */,
				1DF838B414F7D03D007889F5 /* ASIFormDataRequest.h in Sources */,
				1DF838B514F7D03D007889F5 /* ASIFormDataRequest.m in Sources */,
				1DF838B614F7D03D007889F5 /* ASIHTTPRequest.h in Sources */,
				1DF838B714F7D03D007889F5 /* ASIHTTPRequest.m in Sources */,
				1DF838B814F7D03D007889F5 /* ASIHTTPRequestConfig.h in Sources */,
				1DF838B914F7D03D007889F5 /* ASIHTTPRequestDelegate.h in Sources */,
				1DF838BA14F7D03D007889F5 /* ASIInputStream.h in Sources */,
				1DF838BB14F7D03D007889F5 /* ASIInputStream.m in Sources */,
				1DF838BC14F7D03D007889F5 /* ASINetworkQueue.h in Sources */,
				1DF838BD14F7D03D007889F5 /* ASINetworkQueue.m in Sources */,
				1DF838BE14F7D03D007889F5 /* ASIProgressDelegate.h in Sources */,
				1DF8386C14F7CF89007889F5 /* BaseDTVAPIDelegate.h in Sources */,
				1DF8386D14F7CF89007889F5 /* BaseDTVAPIDelegate.m in Sources */,
				1DF8386E14F7CF89007889F5 /* DTVAirdate.h in Sources */,
				1DF8386F14F7CF89007889F5 /* DTVAirdate.m in Sources */,
				1DF8387014F7CF89007889F5 /* DTVAPIAirdateDelegate.h in Sources */,
				1DF8387114F7CF89007889F5 /* DTVAPIAirdateDelegate.m in Sources */,
				1DF8387214F7CF89007889F5 /* DTVAPIFeedDelegate.h in Sources */,
				1DF8387314F7CF89007889F5 /* DTVAPIFeedDelegate.m in Sources */,
				1DF8387414F7CF89007889F5 /* DTVAPIHeadendDelegate.h in Sources */,
				1DF8387514F7CF89007889F5 /* DTVAPIHeadendDelegate.m in Sources */,
				1DF8387614F7CF89007889F5 /* DTVAPIProgramDelegate.h in Sources */,
				1DF8387714F7CF89007889F5 /* DTVAPIProgramDelegate.m in Sources */,
				1DF8387814F7CF89007889F5 /* DTVAPIStationDelegate.h in Sources */,
				1DF8387914F7CF89007889F5 /* DTVAPIStationDelegate.m in Sources */,
				1DF8387A14F7CF89007889F5 /* DTVClientAPI.h in Sources */,
				1DF8387B14F7CF89007889F5 /* DTVClientAPI.m in Sources */,
				1DF8387C14F7CF89007889F5 /* DTVFeed.h in Sources */,
				1DF8387D14F7CF89007889F5 /* DTVFeed.m in Sources */,
				1DF8387E14F7CF89007889F5 /* DTVHeadend.h in Sources */,
				1DF8387F14F7CF89007889F5 /* DTVHeadend.m in Sources */,
				1DF8388014F7CF89007889F5 /* DTVStation.h in Sources */,
				1DF8388114F7CF89007889F5 /* DTVStation.m in Sources */,
				1DB1E22414F7842600C7D0DF /* main.m in Sources */,
				1DB1E22814F7842600C7D0DF /* AppDelegate.m in Sources */,
				1DB1E22E14F7842600C7D0DF /* MapMashupViewController.m in Sources */,
				DCB254EE14F8463A00444352 /* FCCService.m in Sources */,
				DCB2550614F854A500444352 /* GraphicalStation.m in Sources */,
				DCB2550914F8653F00444352 /* StationAnnotation.m in Sources */,
				DC40FF1714F91EF8000F9281 /* MKPolygon+BroadcastInfo.m in Sources */,
				DC40FF3714F94A04000F9281 /* StationSignalOverlayView.m in Sources */,
				DC0577BE14FA712000E4D14E /* MKPolyline+BroadcastInfo.m in Sources */,
				DCCC375B14FAED85009F7548 /* UIColor+HexRGBAddition.m in Sources */,
				1D6C1D0914FB8A5100DDA4CB /* SettingsViewController.m in Sources */,
			);
			runOnlyForDeploymentPostprocessing = 0;
		};
		1DB1E22F14F7842600C7D0DF /* Sources */ = {
			isa = PBXSourcesBuildPhase;
			buildActionMask = 2147483647;
			files = (
				1DB1E24314F7842600C7D0DF /* MapMashupTests.m in Sources */,
				1DF8386114F7CF4F007889F5 /* BaseDTVAPIDelegate.m in Sources */,
				1DF8386214F7CF4F007889F5 /* DTVAirdate.m in Sources */,
				1DF8386314F7CF4F007889F5 /* DTVAPIAirdateDelegate.m in Sources */,
				1DF8386414F7CF4F007889F5 /* DTVAPIFeedDelegate.m in Sources */,
				1DF8386514F7CF4F007889F5 /* DTVAPIHeadendDelegate.m in Sources */,
				1DF8386614F7CF4F007889F5 /* DTVAPIProgramDelegate.m in Sources */,
				1DF8386714F7CF4F007889F5 /* DTVAPIStationDelegate.m in Sources */,
				1DF8386814F7CF4F007889F5 /* DTVClientAPI.m in Sources */,
				1DF8386914F7CF4F007889F5 /* DTVFeed.m in Sources */,
				1DF8386A14F7CF4F007889F5 /* DTVHeadend.m in Sources */,
				1DF8386B14F7CF4F007889F5 /* DTVStation.m in Sources */,
				1DF8389714F7CFF9007889F5 /* ASIAuthenticationDialog.m in Sources */,
				1DF8389814F7CFF9007889F5 /* ASIDataCompressor.m in Sources */,
				1DF8389914F7CFF9007889F5 /* ASIDataDecompressor.m in Sources */,
				1DF8389A14F7CFF9007889F5 /* ASIDownloadCache.m in Sources */,
				1DF8389B14F7CFF9007889F5 /* ASIFormDataRequest.m in Sources */,
				1DF8389C14F7CFF9007889F5 /* ASIHTTPRequest.m in Sources */,
				1DF8389D14F7CFF9007889F5 /* ASIInputStream.m in Sources */,
				1DF8389E14F7CFF9007889F5 /* ASINetworkQueue.m in Sources */,
				1DF838A314F7D022007889F5 /* ASIWebPageRequest.m in Sources */,
				1DF838A614F7D02E007889F5 /* Reachability.m in Sources */,
				1DF838D214F7D260007889F5 /* JSONKit.m in Sources */,
				1DF838ED14F7D3B2007889F5 /* BaseCOVEAPIDelegate.m in Sources */,
				1DF838EE14F7D3B2007889F5 /* COVEAPICategoryDelegate.m in Sources */,
				1DF838EF14F7D3B2007889F5 /* COVEAPIEpisodeDelegate.m in Sources */,
				1DF838F014F7D3B2007889F5 /* COVEAPIGroupDelegate.m in Sources */,
				1DF838F114F7D3B2007889F5 /* COVEAPIProgramDelegate.m in Sources */,
				1DF838F214F7D3B2007889F5 /* COVECategory.m in Sources */,
				1DF838F314F7D3B2007889F5 /* COVEClientAPI.m in Sources */,
				1DF838F414F7D3B2007889F5 /* COVEEpisode.m in Sources */,
				1DF838F514F7D3B2007889F5 /* COVEProgram.m in Sources */,
			);
			runOnlyForDeploymentPostprocessing = 0;
		};
/* End PBXSourcesBuildPhase section */

/* Begin PBXTargetDependency section */
		1DB1E23A14F7842600C7D0DF /* PBXTargetDependency */ = {
			isa = PBXTargetDependency;
			target = 1DB1E21214F7842600C7D0DF /* MapMashup */;
			targetProxy = 1DB1E23914F7842600C7D0DF /* PBXContainerItemProxy */;
		};
/* End PBXTargetDependency section */

/* Begin PBXVariantGroup section */
		1DB1E22014F7842600C7D0DF /* InfoPlist.strings */ = {
			isa = PBXVariantGroup;
			children = (
				1DB1E22114F7842600C7D0DF /* en */,
			);
			name = InfoPlist.strings;
			sourceTree = "<group>";
		};
		1DB1E22914F7842600C7D0DF /* MainStoryboard.storyboard */ = {
			isa = PBXVariantGroup;
			children = (
				1DB1E22A14F7842600C7D0DF /* en */,
			);
			name = MainStoryboard.storyboard;
			sourceTree = "<group>";
		};
		1DB1E23E14F7842600C7D0DF /* InfoPlist.strings */ = {
			isa = PBXVariantGroup;
			children = (
				1DB1E23F14F7842600C7D0DF /* en */,
			);
			name = InfoPlist.strings;
			sourceTree = "<group>";
		};
/* End PBXVariantGroup section */

/* Begin XCBuildConfiguration section */
		1DB1E24414F7842600C7D0DF /* Debug */ = {
			isa = XCBuildConfiguration;
			buildSettings = {
				ALWAYS_SEARCH_USER_PATHS = NO;
				ARCHS = "$(ARCHS_STANDARD_32_BIT)";
				CLANG_ENABLE_OBJC_ARC = YES;
				"CODE_SIGN_IDENTITY[sdk=iphoneos*]" = "iPhone Developer";
				COPY_PHASE_STRIP = NO;
				GCC_C_LANGUAGE_STANDARD = gnu99;
				GCC_DYNAMIC_NO_PIC = NO;
				GCC_OPTIMIZATION_LEVEL = 0;
				GCC_PREPROCESSOR_DEFINITIONS = (
					"DEBUG=1",
					"$(inherited)",
				);
				GCC_SYMBOLS_PRIVATE_EXTERN = NO;
				GCC_VERSION = com.apple.compilers.llvm.clang.1_0;
				GCC_WARN_ABOUT_RETURN_TYPE = YES;
				GCC_WARN_UNINITIALIZED_AUTOS = YES;
				GCC_WARN_UNUSED_VARIABLE = YES;
				IPHONEOS_DEPLOYMENT_TARGET = 5.0;
				SDKROOT = iphoneos;
				TARGETED_DEVICE_FAMILY = 2;
			};
			name = Debug;
		};
		1DB1E24514F7842600C7D0DF /* Release */ = {
			isa = XCBuildConfiguration;
			buildSettings = {
				ALWAYS_SEARCH_USER_PATHS = NO;
				ARCHS = "$(ARCHS_STANDARD_32_BIT)";
				CLANG_ENABLE_OBJC_ARC = YES;
				"CODE_SIGN_IDENTITY[sdk=iphoneos*]" = "iPhone Developer";
				COPY_PHASE_STRIP = YES;
				GCC_C_LANGUAGE_STANDARD = gnu99;
				GCC_VERSION = com.apple.compilers.llvm.clang.1_0;
				GCC_WARN_ABOUT_RETURN_TYPE = YES;
				GCC_WARN_UNINITIALIZED_AUTOS = YES;
				GCC_WARN_UNUSED_VARIABLE = YES;
				IPHONEOS_DEPLOYMENT_TARGET = 5.0;
				OTHER_CFLAGS = "-DNS_BLOCK_ASSERTIONS=1";
				SDKROOT = iphoneos;
				TARGETED_DEVICE_FAMILY = 2;
				VALIDATE_PRODUCT = YES;
			};
			name = Release;
		};
		1DB1E24714F7842600C7D0DF /* Debug */ = {
			isa = XCBuildConfiguration;
			buildSettings = {
				GCC_PRECOMPILE_PREFIX_HEADER = YES;
				GCC_PREFIX_HEADER = "MapMashup/MapMashup-Prefix.pch";
				HEADER_SEARCH_PATHS = /usr/include/libxml2;
				INFOPLIST_FILE = "MapMashup/MapMashup-Info.plist";
				PRODUCT_NAME = "$(TARGET_NAME)";
				WRAPPER_EXTENSION = app;
			};
			name = Debug;
		};
		1DB1E24814F7842600C7D0DF /* Release */ = {
			isa = XCBuildConfiguration;
			buildSettings = {
				GCC_PRECOMPILE_PREFIX_HEADER = YES;
				GCC_PREFIX_HEADER = "MapMashup/MapMashup-Prefix.pch";
				HEADER_SEARCH_PATHS = /usr/include/libxml2;
				INFOPLIST_FILE = "MapMashup/MapMashup-Info.plist";
				PRODUCT_NAME = "$(TARGET_NAME)";
				WRAPPER_EXTENSION = app;
			};
			name = Release;
		};
		1DB1E24A14F7842600C7D0DF /* Debug */ = {
			isa = XCBuildConfiguration;
			buildSettings = {
				BUNDLE_LOADER = "$(BUILT_PRODUCTS_DIR)/MapMashup.app/MapMashup";
				FRAMEWORK_SEARCH_PATHS = (
					"$(SDKROOT)/Developer/Library/Frameworks",
					"$(DEVELOPER_LIBRARY_DIR)/Frameworks",
				);
				GCC_PRECOMPILE_PREFIX_HEADER = YES;
				GCC_PREFIX_HEADER = "MapMashup/MapMashup-Prefix.pch";
				INFOPLIST_FILE = "MapMashupTests/MapMashupTests-Info.plist";
				PRODUCT_NAME = "$(TARGET_NAME)";
				TEST_HOST = "$(BUNDLE_LOADER)";
				WRAPPER_EXTENSION = octest;
			};
			name = Debug;
		};
		1DB1E24B14F7842600C7D0DF /* Release */ = {
			isa = XCBuildConfiguration;
			buildSettings = {
				BUNDLE_LOADER = "$(BUILT_PRODUCTS_DIR)/MapMashup.app/MapMashup";
				FRAMEWORK_SEARCH_PATHS = (
					"$(SDKROOT)/Developer/Library/Frameworks",
					"$(DEVELOPER_LIBRARY_DIR)/Frameworks",
				);
				GCC_PRECOMPILE_PREFIX_HEADER = YES;
				GCC_PREFIX_HEADER = "MapMashup/MapMashup-Prefix.pch";
				INFOPLIST_FILE = "MapMashupTests/MapMashupTests-Info.plist";
				PRODUCT_NAME = "$(TARGET_NAME)";
				TEST_HOST = "$(BUNDLE_LOADER)";
				WRAPPER_EXTENSION = octest;
			};
			name = Release;
		};
/* End XCBuildConfiguration section */

/* Begin XCConfigurationList section */
		1DB1E20D14F7842600C7D0DF /* Build configuration list for PBXProject "MapMashup" */ = {
			isa = XCConfigurationList;
			buildConfigurations = (
				1DB1E24414F7842600C7D0DF /* Debug */,
				1DB1E24514F7842600C7D0DF /* Release */,
			);
			defaultConfigurationIsVisible = 0;
			defaultConfigurationName = Release;
		};
		1DB1E24614F7842600C7D0DF /* Build configuration list for PBXNativeTarget "MapMashup" */ = {
			isa = XCConfigurationList;
			buildConfigurations = (
				1DB1E24714F7842600C7D0DF /* Debug */,
				1DB1E24814F7842600C7D0DF /* Release */,
			);
			defaultConfigurationIsVisible = 0;
			defaultConfigurationName = Release;
		};
		1DB1E24914F7842600C7D0DF /* Build configuration list for PBXNativeTarget "MapMashupTests" */ = {
			isa = XCConfigurationList;
			buildConfigurations = (
				1DB1E24A14F7842600C7D0DF /* Debug */,
				1DB1E24B14F7842600C7D0DF /* Release */,
			);
			defaultConfigurationIsVisible = 0;
			defaultConfigurationName = Release;
		};
/* End XCConfigurationList section */
	};
	rootObject = 1DB1E20A14F7842600C7D0DF /* Project object */;
}
